
Microsoft Visual Studio Solution File, Format Version 12.00
# Visual Studio 15
VisualStudioVersion = 15.0.27428.2037
MinimumVisualStudioVersion = 10.0.40219.1
Project("{FAE04EC0-301F-11D3-BF4B-00C04F79EFBC}") = "RemoteX.Android", "RemoteX\RemoteX.Android\RemoteX.Android.csproj", "{1288E9B6-24E9-4F48-8168-F4458090B836}"
EndProject
Project("{FAE04EC0-301F-11D3-BF4B-00C04F79EFBC}") = "RemoteX.iOS", "RemoteX\RemoteX.iOS\RemoteX.iOS.csproj", "{C73E68D7-6449-4428-9445-6E70345DD9E0}"
EndProject
Project("{FAE04EC0-301F-11D3-BF4B-00C04F79EFBC}") = "RemoteX.UWP", "RemoteX\RemoteX.UWP\RemoteX.UWP.csproj", "{7ACE9AF6-F00E-4DDC-937F-B4E045257E7D}"
EndProject
Project("{9A19103F-16F7-4668-BE54-9A1E7A4F7556}") = "RemoteX", "RemoteX\RemoteX\RemoteX.csproj", "{5F2B0EDA-1F45-4916-B5C4-4D1E61AA838F}"
EndProject
Project("{9A19103F-16F7-4668-BE54-9A1E7A4F7556}") = "SkiaBehaviour", "SkiaBehaviour\SkiaBehaviour.csproj", "{56FFD8B9-F993-4500-ABE4-1DCEF71AAA81}"
EndProject
Project("{FAE04EC0-301F-11D3-BF4B-00C04F79EFBC}") = "Bluetooth Mouse Controller Receiver", "Bluetooth Mouse Controller Receiver\Bluetooth Mouse Controller Receiver.csproj", "{55787457-7AC3-43C3-B168-5CF412A99E2A}"
EndProject
Project("{9A19103F-16F7-4668-BE54-9A1E7A4F7556}") = "RemoteX.PC.Core", "RemoteX.PC.Core\RemoteX.PC.Core.csproj", "{8A26FC2E-6C86-4708-9DDA-12335D2311D6}"
EndProject
Project("{9A19103F-16F7-4668-BE54-9A1E7A4F7556}") = "RemoteX.Core", "RemoteX.Core\RemoteX.Core.csproj", "{2A58342E-4836-4BBB-85B3-EFDAACB310CD}"
EndProject
Project("{9A19103F-16F7-4668-BE54-9A1E7A4F7556}") = "RemoteX.Data", "RemoteX.Data\RemoteX.Data.csproj", "{87C30186-7988-4E6B-91DE-7DF3C1B02536}"
EndProject
Project("{FAE04EC0-301F-11D3-BF4B-00C04F79EFBC}") = "RemoteX.PC.DebugBackendLauncher", "RemoteX.PC.DebugBackendLauncher\RemoteX.PC.DebugBackendLauncher.csproj", "{2E064A2F-575A-45C3-9741-1136CE997C25}"
EndProject
Project("{FAE04EC0-301F-11D3-BF4B-00C04F79EFBC}") = "RemoteX.DebugBackend", "RemoteX.DebugBackend\RemoteX.DebugBackend.csproj", "{DAA71D91-A581-4AE0-BB27-D269DE6A3D37}"
EndProject
Project("{FAE04EC0-301F-11D3-BF4B-00C04F79EFBC}") = "RemoteX.UWP.Core", "RemoteX.UWP.Core\RemoteX.UWP.Core.csproj", "{C45FBD4B-95B0-48BB-86BB-160CDEE405CE}"
EndProject
Project("{FAE04EC0-301F-11D3-BF4B-00C04F79EFBC}") = "RemoteX.UnityPlugin.UWP", "RemoteX.UnityPlugin.UWP\RemoteX.UnityPlugin.UWP.csproj", "{A90A3952-A7B8-404C-8ADA-645FC1D63B8B}"
EndProject
Project("{FAE04EC0-301F-11D3-BF4B-00C04F79EFBC}") = "RemoteX.UnityPlugin.UWPCompatCore", "RemoteX.UnityPlugin.UWPCompatCore\RemoteX.UnityPlugin.UWPCompatCore.csproj", "{EC4033EA-646F-4221-A928-5F4FCBEE4C37}"
EndProject
Project("{FAE04EC0-301F-11D3-BF4B-00C04F79EFBC}") = "RemoteX.UnityPlugin.UWPCompatData", "RemoteX.UnityPlugin.UWPCompatData\RemoteX.UnityPlugin.UWPCompatData.csproj", "{1C9CAE89-1E2E-4E2A-A61C-E6E66CFB2AA5}"
EndProject
Global
	GlobalSection(SolutionConfigurationPlatforms) = preSolution
		Ad-Hoc|Any CPU = Ad-Hoc|Any CPU
		Ad-Hoc|ARM = Ad-Hoc|ARM
		Ad-Hoc|iPhone = Ad-Hoc|iPhone
		Ad-Hoc|iPhoneSimulator = Ad-Hoc|iPhoneSimulator
		Ad-Hoc|x64 = Ad-Hoc|x64
		Ad-Hoc|x86 = Ad-Hoc|x86
		AppStore|Any CPU = AppStore|Any CPU
		AppStore|ARM = AppStore|ARM
		AppStore|iPhone = AppStore|iPhone
		AppStore|iPhoneSimulator = AppStore|iPhoneSimulator
		AppStore|x64 = AppStore|x64
		AppStore|x86 = AppStore|x86
		Debug|Any CPU = Debug|Any CPU
		Debug|ARM = Debug|ARM
		Debug|iPhone = Debug|iPhone
		Debug|iPhoneSimulator = Debug|iPhoneSimulator
		Debug|x64 = Debug|x64
		Debug|x86 = Debug|x86
		Release|Any CPU = Release|Any CPU
		Release|ARM = Release|ARM
		Release|iPhone = Release|iPhone
		Release|iPhoneSimulator = Release|iPhoneSimulator
		Release|x64 = Release|x64
		Release|x86 = Release|x86
	EndGlobalSection
	GlobalSection(ProjectConfigurationPlatforms) = postSolution
		{1288E9B6-24E9-4F48-8168-F4458090B836}.Ad-Hoc|Any CPU.ActiveCfg = Release|Any CPU
		{1288E9B6-24E9-4F48-8168-F4458090B836}.Ad-Hoc|Any CPU.Build.0 = Release|Any CPU
		{1288E9B6-24E9-4F48-8168-F4458090B836}.Ad-Hoc|Any CPU.Deploy.0 = Release|Any CPU
		{1288E9B6-24E9-4F48-8168-F4458090B836}.Ad-Hoc|ARM.ActiveCfg = Release|Any CPU
		{1288E9B6-24E9-4F48-8168-F4458090B836}.Ad-Hoc|ARM.Build.0 = Release|Any CPU
		{1288E9B6-24E9-4F48-8168-F4458090B836}.Ad-Hoc|ARM.Deploy.0 = Release|Any CPU
		{1288E9B6-24E9-4F48-8168-F4458090B836}.Ad-Hoc|iPhone.ActiveCfg = Release|Any CPU
		{1288E9B6-24E9-4F48-8168-F4458090B836}.Ad-Hoc|iPhone.Build.0 = Release|Any CPU
		{1288E9B6-24E9-4F48-8168-F4458090B836}.Ad-Hoc|iPhone.Deploy.0 = Release|Any CPU
		{1288E9B6-24E9-4F48-8168-F4458090B836}.Ad-Hoc|iPhoneSimulator.ActiveCfg = Release|Any CPU
		{1288E9B6-24E9-4F48-8168-F4458090B836}.Ad-Hoc|iPhoneSimulator.Build.0 = Release|Any CPU
		{1288E9B6-24E9-4F48-8168-F4458090B836}.Ad-Hoc|iPhoneSimulator.Deploy.0 = Release|Any CPU
		{1288E9B6-24E9-4F48-8168-F4458090B836}.Ad-Hoc|x64.ActiveCfg = Release|Any CPU
		{1288E9B6-24E9-4F48-8168-F4458090B836}.Ad-Hoc|x64.Build.0 = Release|Any CPU
		{1288E9B6-24E9-4F48-8168-F4458090B836}.Ad-Hoc|x64.Deploy.0 = Release|Any CPU
		{1288E9B6-24E9-4F48-8168-F4458090B836}.Ad-Hoc|x86.ActiveCfg = Release|Any CPU
		{1288E9B6-24E9-4F48-8168-F4458090B836}.Ad-Hoc|x86.Build.0 = Release|Any CPU
		{1288E9B6-24E9-4F48-8168-F4458090B836}.Ad-Hoc|x86.Deploy.0 = Release|Any CPU
		{1288E9B6-24E9-4F48-8168-F4458090B836}.AppStore|Any CPU.ActiveCfg = Release|Any CPU
		{1288E9B6-24E9-4F48-8168-F4458090B836}.AppStore|Any CPU.Build.0 = Release|Any CPU
		{1288E9B6-24E9-4F48-8168-F4458090B836}.AppStore|Any CPU.Deploy.0 = Release|Any CPU
		{1288E9B6-24E9-4F48-8168-F4458090B836}.AppStore|ARM.ActiveCfg = Release|Any CPU
		{1288E9B6-24E9-4F48-8168-F4458090B836}.AppStore|ARM.Build.0 = Release|Any CPU
		{1288E9B6-24E9-4F48-8168-F4458090B836}.AppStore|ARM.Deploy.0 = Release|Any CPU
		{1288E9B6-24E9-4F48-8168-F4458090B836}.AppStore|iPhone.ActiveCfg = Release|Any CPU
		{1288E9B6-24E9-4F48-8168-F4458090B836}.AppStore|iPhone.Build.0 = Release|Any CPU
		{1288E9B6-24E9-4F48-8168-F4458090B836}.AppStore|iPhone.Deploy.0 = Release|Any CPU
		{1288E9B6-24E9-4F48-8168-F4458090B836}.AppStore|iPhoneSimulator.ActiveCfg = Release|Any CPU
		{1288E9B6-24E9-4F48-8168-F4458090B836}.AppStore|iPhoneSimulator.Build.0 = Release|Any CPU
		{1288E9B6-24E9-4F48-8168-F4458090B836}.AppStore|iPhoneSimulator.Deploy.0 = Release|Any CPU
		{1288E9B6-24E9-4F48-8168-F4458090B836}.AppStore|x64.ActiveCfg = Release|Any CPU
		{1288E9B6-24E9-4F48-8168-F4458090B836}.AppStore|x64.Build.0 = Release|Any CPU
		{1288E9B6-24E9-4F48-8168-F4458090B836}.AppStore|x64.Deploy.0 = Release|Any CPU
		{1288E9B6-24E9-4F48-8168-F4458090B836}.AppStore|x86.ActiveCfg = Release|Any CPU
		{1288E9B6-24E9-4F48-8168-F4458090B836}.AppStore|x86.Build.0 = Release|Any CPU
		{1288E9B6-24E9-4F48-8168-F4458090B836}.AppStore|x86.Deploy.0 = Release|Any CPU
		{1288E9B6-24E9-4F48-8168-F4458090B836}.Debug|Any CPU.ActiveCfg = Debug|Any CPU
		{1288E9B6-24E9-4F48-8168-F4458090B836}.Debug|Any CPU.Build.0 = Debug|Any CPU
		{1288E9B6-24E9-4F48-8168-F4458090B836}.Debug|Any CPU.Deploy.0 = Debug|Any CPU
		{1288E9B6-24E9-4F48-8168-F4458090B836}.Debug|ARM.ActiveCfg = Debug|Any CPU
		{1288E9B6-24E9-4F48-8168-F4458090B836}.Debug|ARM.Build.0 = Debug|Any CPU
		{1288E9B6-24E9-4F48-8168-F4458090B836}.Debug|ARM.Deploy.0 = Debug|Any CPU
		{1288E9B6-24E9-4F48-8168-F4458090B836}.Debug|iPhone.ActiveCfg = Debug|Any CPU
		{1288E9B6-24E9-4F48-8168-F4458090B836}.Debug|iPhone.Build.0 = Debug|Any CPU
		{1288E9B6-24E9-4F48-8168-F4458090B836}.Debug|iPhone.Deploy.0 = Debug|Any CPU
		{1288E9B6-24E9-4F48-8168-F4458090B836}.Debug|iPhoneSimulator.ActiveCfg = Debug|Any CPU
		{1288E9B6-24E9-4F48-8168-F4458090B836}.Debug|iPhoneSimulator.Build.0 = Debug|Any CPU
		{1288E9B6-24E9-4F48-8168-F4458090B836}.Debug|iPhoneSimulator.Deploy.0 = Debug|Any CPU
		{1288E9B6-24E9-4F48-8168-F4458090B836}.Debug|x64.ActiveCfg = Debug|Any CPU
		{1288E9B6-24E9-4F48-8168-F4458090B836}.Debug|x64.Build.0 = Debug|Any CPU
		{1288E9B6-24E9-4F48-8168-F4458090B836}.Debug|x64.Deploy.0 = Debug|Any CPU
		{1288E9B6-24E9-4F48-8168-F4458090B836}.Debug|x86.ActiveCfg = Debug|Any CPU
		{1288E9B6-24E9-4F48-8168-F4458090B836}.Debug|x86.Build.0 = Debug|Any CPU
		{1288E9B6-24E9-4F48-8168-F4458090B836}.Debug|x86.Deploy.0 = Debug|Any CPU
		{1288E9B6-24E9-4F48-8168-F4458090B836}.Release|Any CPU.ActiveCfg = Release|Any CPU
		{1288E9B6-24E9-4F48-8168-F4458090B836}.Release|Any CPU.Build.0 = Release|Any CPU
		{1288E9B6-24E9-4F48-8168-F4458090B836}.Release|Any CPU.Deploy.0 = Release|Any CPU
		{1288E9B6-24E9-4F48-8168-F4458090B836}.Release|ARM.ActiveCfg = Release|Any CPU
		{1288E9B6-24E9-4F48-8168-F4458090B836}.Release|ARM.Build.0 = Release|Any CPU
		{1288E9B6-24E9-4F48-8168-F4458090B836}.Release|ARM.Deploy.0 = Release|Any CPU
		{1288E9B6-24E9-4F48-8168-F4458090B836}.Release|iPhone.ActiveCfg = Release|Any CPU
		{1288E9B6-24E9-4F48-8168-F4458090B836}.Release|iPhone.Build.0 = Release|Any CPU
		{1288E9B6-24E9-4F48-8168-F4458090B836}.Release|iPhone.Deploy.0 = Release|Any CPU
		{1288E9B6-24E9-4F48-8168-F4458090B836}.Release|iPhoneSimulator.ActiveCfg = Release|Any CPU
		{1288E9B6-24E9-4F48-8168-F4458090B836}.Release|iPhoneSimulator.Build.0 = Release|Any CPU
		{1288E9B6-24E9-4F48-8168-F4458090B836}.Release|iPhoneSimulator.Deploy.0 = Release|Any CPU
		{1288E9B6-24E9-4F48-8168-F4458090B836}.Release|x64.ActiveCfg = Release|Any CPU
		{1288E9B6-24E9-4F48-8168-F4458090B836}.Release|x64.Build.0 = Release|Any CPU
		{1288E9B6-24E9-4F48-8168-F4458090B836}.Release|x64.Deploy.0 = Release|Any CPU
		{1288E9B6-24E9-4F48-8168-F4458090B836}.Release|x86.ActiveCfg = Release|Any CPU
		{1288E9B6-24E9-4F48-8168-F4458090B836}.Release|x86.Build.0 = Release|Any CPU
		{1288E9B6-24E9-4F48-8168-F4458090B836}.Release|x86.Deploy.0 = Release|Any CPU
		{C73E68D7-6449-4428-9445-6E70345DD9E0}.Ad-Hoc|Any CPU.ActiveCfg = Ad-Hoc|iPhone
		{C73E68D7-6449-4428-9445-6E70345DD9E0}.Ad-Hoc|ARM.ActiveCfg = Ad-Hoc|iPhone
		{C73E68D7-6449-4428-9445-6E70345DD9E0}.Ad-Hoc|iPhone.ActiveCfg = Ad-Hoc|iPhone
		{C73E68D7-6449-4428-9445-6E70345DD9E0}.Ad-Hoc|iPhone.Build.0 = Ad-Hoc|iPhone
		{C73E68D7-6449-4428-9445-6E70345DD9E0}.Ad-Hoc|iPhoneSimulator.ActiveCfg = Ad-Hoc|iPhoneSimulator
		{C73E68D7-6449-4428-9445-6E70345DD9E0}.Ad-Hoc|iPhoneSimulator.Build.0 = Ad-Hoc|iPhoneSimulator
		{C73E68D7-6449-4428-9445-6E70345DD9E0}.Ad-Hoc|x64.ActiveCfg = Ad-Hoc|iPhone
		{C73E68D7-6449-4428-9445-6E70345DD9E0}.Ad-Hoc|x86.ActiveCfg = Ad-Hoc|iPhone
		{C73E68D7-6449-4428-9445-6E70345DD9E0}.AppStore|Any CPU.ActiveCfg = AppStore|iPhone
		{C73E68D7-6449-4428-9445-6E70345DD9E0}.AppStore|ARM.ActiveCfg = AppStore|iPhone
		{C73E68D7-6449-4428-9445-6E70345DD9E0}.AppStore|iPhone.ActiveCfg = AppStore|iPhone
		{C73E68D7-6449-4428-9445-6E70345DD9E0}.AppStore|iPhone.Build.0 = AppStore|iPhone
		{C73E68D7-6449-4428-9445-6E70345DD9E0}.AppStore|iPhoneSimulator.ActiveCfg = AppStore|iPhoneSimulator
		{C73E68D7-6449-4428-9445-6E70345DD9E0}.AppStore|iPhoneSimulator.Build.0 = AppStore|iPhoneSimulator
		{C73E68D7-6449-4428-9445-6E70345DD9E0}.AppStore|x64.ActiveCfg = AppStore|iPhone
		{C73E68D7-6449-4428-9445-6E70345DD9E0}.AppStore|x86.ActiveCfg = AppStore|iPhone
		{C73E68D7-6449-4428-9445-6E70345DD9E0}.Debug|Any CPU.ActiveCfg = Debug|iPhone
		{C73E68D7-6449-4428-9445-6E70345DD9E0}.Debug|ARM.ActiveCfg = Debug|iPhone
		{C73E68D7-6449-4428-9445-6E70345DD9E0}.Debug|iPhone.ActiveCfg = Debug|iPhone
		{C73E68D7-6449-4428-9445-6E70345DD9E0}.Debug|iPhone.Build.0 = Debug|iPhone
		{C73E68D7-6449-4428-9445-6E70345DD9E0}.Debug|iPhoneSimulator.ActiveCfg = Debug|iPhoneSimulator
		{C73E68D7-6449-4428-9445-6E70345DD9E0}.Debug|iPhoneSimulator.Build.0 = Debug|iPhoneSimulator
		{C73E68D7-6449-4428-9445-6E70345DD9E0}.Debug|x64.ActiveCfg = Debug|iPhone
		{C73E68D7-6449-4428-9445-6E70345DD9E0}.Debug|x86.ActiveCfg = Debug|iPhone
		{C73E68D7-6449-4428-9445-6E70345DD9E0}.Release|Any CPU.ActiveCfg = Release|iPhone
		{C73E68D7-6449-4428-9445-6E70345DD9E0}.Release|ARM.ActiveCfg = Release|iPhone
		{C73E68D7-6449-4428-9445-6E70345DD9E0}.Release|iPhone.ActiveCfg = Release|iPhone
		{C73E68D7-6449-4428-9445-6E70345DD9E0}.Release|iPhone.Build.0 = Release|iPhone
		{C73E68D7-6449-4428-9445-6E70345DD9E0}.Release|iPhoneSimulator.ActiveCfg = Release|iPhoneSimulator
		{C73E68D7-6449-4428-9445-6E70345DD9E0}.Release|iPhoneSimulator.Build.0 = Release|iPhoneSimulator
		{C73E68D7-6449-4428-9445-6E70345DD9E0}.Release|x64.ActiveCfg = Release|iPhone
		{C73E68D7-6449-4428-9445-6E70345DD9E0}.Release|x86.ActiveCfg = Release|iPhone
		{7ACE9AF6-F00E-4DDC-937F-B4E045257E7D}.Ad-Hoc|Any CPU.ActiveCfg = Release|x86
		{7ACE9AF6-F00E-4DDC-937F-B4E045257E7D}.Ad-Hoc|Any CPU.Build.0 = Release|x86
		{7ACE9AF6-F00E-4DDC-937F-B4E045257E7D}.Ad-Hoc|Any CPU.Deploy.0 = Release|x86
		{7ACE9AF6-F00E-4DDC-937F-B4E045257E7D}.Ad-Hoc|ARM.ActiveCfg = Release|ARM
		{7ACE9AF6-F00E-4DDC-937F-B4E045257E7D}.Ad-Hoc|ARM.Build.0 = Release|ARM
		{7ACE9AF6-F00E-4DDC-937F-B4E045257E7D}.Ad-Hoc|ARM.Deploy.0 = Release|ARM
		{7ACE9AF6-F00E-4DDC-937F-B4E045257E7D}.Ad-Hoc|iPhone.ActiveCfg = Release|x86
		{7ACE9AF6-F00E-4DDC-937F-B4E045257E7D}.Ad-Hoc|iPhone.Build.0 = Release|x86
		{7ACE9AF6-F00E-4DDC-937F-B4E045257E7D}.Ad-Hoc|iPhone.Deploy.0 = Release|x86
		{7ACE9AF6-F00E-4DDC-937F-B4E045257E7D}.Ad-Hoc|iPhoneSimulator.ActiveCfg = Release|x86
		{7ACE9AF6-F00E-4DDC-937F-B4E045257E7D}.Ad-Hoc|iPhoneSimulator.Build.0 = Release|x86
		{7ACE9AF6-F00E-4DDC-937F-B4E045257E7D}.Ad-Hoc|iPhoneSimulator.Deploy.0 = Release|x86
		{7ACE9AF6-F00E-4DDC-937F-B4E045257E7D}.Ad-Hoc|x64.ActiveCfg = Release|x64
		{7ACE9AF6-F00E-4DDC-937F-B4E045257E7D}.Ad-Hoc|x64.Build.0 = Release|x64
		{7ACE9AF6-F00E-4DDC-937F-B4E045257E7D}.Ad-Hoc|x64.Deploy.0 = Release|x64
		{7ACE9AF6-F00E-4DDC-937F-B4E045257E7D}.Ad-Hoc|x86.ActiveCfg = Release|x86
		{7ACE9AF6-F00E-4DDC-937F-B4E045257E7D}.Ad-Hoc|x86.Build.0 = Release|x86
		{7ACE9AF6-F00E-4DDC-937F-B4E045257E7D}.Ad-Hoc|x86.Deploy.0 = Release|x86
		{7ACE9AF6-F00E-4DDC-937F-B4E045257E7D}.AppStore|Any CPU.ActiveCfg = Release|x86
		{7ACE9AF6-F00E-4DDC-937F-B4E045257E7D}.AppStore|Any CPU.Build.0 = Release|x86
		{7ACE9AF6-F00E-4DDC-937F-B4E045257E7D}.AppStore|Any CPU.Deploy.0 = Release|x86
		{7ACE9AF6-F00E-4DDC-937F-B4E045257E7D}.AppStore|ARM.ActiveCfg = Release|ARM
		{7ACE9AF6-F00E-4DDC-937F-B4E045257E7D}.AppStore|ARM.Build.0 = Release|ARM
		{7ACE9AF6-F00E-4DDC-937F-B4E045257E7D}.AppStore|ARM.Deploy.0 = Release|ARM
		{7ACE9AF6-F00E-4DDC-937F-B4E045257E7D}.AppStore|iPhone.ActiveCfg = Release|x86
		{7ACE9AF6-F00E-4DDC-937F-B4E045257E7D}.AppStore|iPhone.Build.0 = Release|x86
		{7ACE9AF6-F00E-4DDC-937F-B4E045257E7D}.AppStore|iPhone.Deploy.0 = Release|x86
		{7ACE9AF6-F00E-4DDC-937F-B4E045257E7D}.AppStore|iPhoneSimulator.ActiveCfg = Release|x86
		{7ACE9AF6-F00E-4DDC-937F-B4E045257E7D}.AppStore|iPhoneSimulator.Build.0 = Release|x86
		{7ACE9AF6-F00E-4DDC-937F-B4E045257E7D}.AppStore|iPhoneSimulator.Deploy.0 = Release|x86
		{7ACE9AF6-F00E-4DDC-937F-B4E045257E7D}.AppStore|x64.ActiveCfg = Release|x64
		{7ACE9AF6-F00E-4DDC-937F-B4E045257E7D}.AppStore|x64.Build.0 = Release|x64
		{7ACE9AF6-F00E-4DDC-937F-B4E045257E7D}.AppStore|x64.Deploy.0 = Release|x64
		{7ACE9AF6-F00E-4DDC-937F-B4E045257E7D}.AppStore|x86.ActiveCfg = Release|x86
		{7ACE9AF6-F00E-4DDC-937F-B4E045257E7D}.AppStore|x86.Build.0 = Release|x86
		{7ACE9AF6-F00E-4DDC-937F-B4E045257E7D}.AppStore|x86.Deploy.0 = Release|x86
		{7ACE9AF6-F00E-4DDC-937F-B4E045257E7D}.Debug|Any CPU.ActiveCfg = Debug|x86
		{7ACE9AF6-F00E-4DDC-937F-B4E045257E7D}.Debug|ARM.ActiveCfg = Debug|ARM
		{7ACE9AF6-F00E-4DDC-937F-B4E045257E7D}.Debug|ARM.Build.0 = Debug|ARM
		{7ACE9AF6-F00E-4DDC-937F-B4E045257E7D}.Debug|ARM.Deploy.0 = Debug|ARM
		{7ACE9AF6-F00E-4DDC-937F-B4E045257E7D}.Debug|iPhone.ActiveCfg = Debug|x86
		{7ACE9AF6-F00E-4DDC-937F-B4E045257E7D}.Debug|iPhoneSimulator.ActiveCfg = Debug|x86
		{7ACE9AF6-F00E-4DDC-937F-B4E045257E7D}.Debug|x64.ActiveCfg = Debug|x64
		{7ACE9AF6-F00E-4DDC-937F-B4E045257E7D}.Debug|x64.Build.0 = Debug|x64
		{7ACE9AF6-F00E-4DDC-937F-B4E045257E7D}.Debug|x64.Deploy.0 = Debug|x64
		{7ACE9AF6-F00E-4DDC-937F-B4E045257E7D}.Debug|x86.ActiveCfg = Debug|x86
		{7ACE9AF6-F00E-4DDC-937F-B4E045257E7D}.Debug|x86.Build.0 = Debug|x86
		{7ACE9AF6-F00E-4DDC-937F-B4E045257E7D}.Debug|x86.Deploy.0 = Debug|x86
		{7ACE9AF6-F00E-4DDC-937F-B4E045257E7D}.Release|Any CPU.ActiveCfg = Release|x86
		{7ACE9AF6-F00E-4DDC-937F-B4E045257E7D}.Release|ARM.ActiveCfg = Release|ARM
		{7ACE9AF6-F00E-4DDC-937F-B4E045257E7D}.Release|ARM.Build.0 = Release|ARM
		{7ACE9AF6-F00E-4DDC-937F-B4E045257E7D}.Release|ARM.Deploy.0 = Release|ARM
		{7ACE9AF6-F00E-4DDC-937F-B4E045257E7D}.Release|iPhone.ActiveCfg = Release|x86
		{7ACE9AF6-F00E-4DDC-937F-B4E045257E7D}.Release|iPhoneSimulator.ActiveCfg = Release|x86
		{7ACE9AF6-F00E-4DDC-937F-B4E045257E7D}.Release|x64.ActiveCfg = Release|x64
		{7ACE9AF6-F00E-4DDC-937F-B4E045257E7D}.Release|x64.Build.0 = Release|x64
		{7ACE9AF6-F00E-4DDC-937F-B4E045257E7D}.Release|x64.Deploy.0 = Release|x64
		{7ACE9AF6-F00E-4DDC-937F-B4E045257E7D}.Release|x86.ActiveCfg = Release|x86
		{7ACE9AF6-F00E-4DDC-937F-B4E045257E7D}.Release|x86.Build.0 = Release|x86
		{7ACE9AF6-F00E-4DDC-937F-B4E045257E7D}.Release|x86.Deploy.0 = Release|x86
		{5F2B0EDA-1F45-4916-B5C4-4D1E61AA838F}.Ad-Hoc|Any CPU.ActiveCfg = Debug|Any CPU
		{5F2B0EDA-1F45-4916-B5C4-4D1E61AA838F}.Ad-Hoc|Any CPU.Build.0 = Debug|Any CPU
		{5F2B0EDA-1F45-4916-B5C4-4D1E61AA838F}.Ad-Hoc|ARM.ActiveCfg = Debug|Any CPU
		{5F2B0EDA-1F45-4916-B5C4-4D1E61AA838F}.Ad-Hoc|ARM.Build.0 = Debug|Any CPU
		{5F2B0EDA-1F45-4916-B5C4-4D1E61AA838F}.Ad-Hoc|iPhone.ActiveCfg = Debug|Any CPU
		{5F2B0EDA-1F45-4916-B5C4-4D1E61AA838F}.Ad-Hoc|iPhone.Build.0 = Debug|Any CPU
		{5F2B0EDA-1F45-4916-B5C4-4D1E61AA838F}.Ad-Hoc|iPhoneSimulator.ActiveCfg = Debug|Any CPU
		{5F2B0EDA-1F45-4916-B5C4-4D1E61AA838F}.Ad-Hoc|iPhoneSimulator.Build.0 = Debug|Any CPU
		{5F2B0EDA-1F45-4916-B5C4-4D1E61AA838F}.Ad-Hoc|x64.ActiveCfg = Debug|Any CPU
		{5F2B0EDA-1F45-4916-B5C4-4D1E61AA838F}.Ad-Hoc|x64.Build.0 = Debug|Any CPU
		{5F2B0EDA-1F45-4916-B5C4-4D1E61AA838F}.Ad-Hoc|x86.ActiveCfg = Debug|Any CPU
		{5F2B0EDA-1F45-4916-B5C4-4D1E61AA838F}.Ad-Hoc|x86.Build.0 = Debug|Any CPU
		{5F2B0EDA-1F45-4916-B5C4-4D1E61AA838F}.AppStore|Any CPU.ActiveCfg = Debug|Any CPU
		{5F2B0EDA-1F45-4916-B5C4-4D1E61AA838F}.AppStore|Any CPU.Build.0 = Debug|Any CPU
		{5F2B0EDA-1F45-4916-B5C4-4D1E61AA838F}.AppStore|ARM.ActiveCfg = Debug|Any CPU
		{5F2B0EDA-1F45-4916-B5C4-4D1E61AA838F}.AppStore|ARM.Build.0 = Debug|Any CPU
		{5F2B0EDA-1F45-4916-B5C4-4D1E61AA838F}.AppStore|iPhone.ActiveCfg = Debug|Any CPU
		{5F2B0EDA-1F45-4916-B5C4-4D1E61AA838F}.AppStore|iPhone.Build.0 = Debug|Any CPU
		{5F2B0EDA-1F45-4916-B5C4-4D1E61AA838F}.AppStore|iPhoneSimulator.ActiveCfg = Debug|Any CPU
		{5F2B0EDA-1F45-4916-B5C4-4D1E61AA838F}.AppStore|iPhoneSimulator.Build.0 = Debug|Any CPU
		{5F2B0EDA-1F45-4916-B5C4-4D1E61AA838F}.AppStore|x64.ActiveCfg = Debug|Any CPU
		{5F2B0EDA-1F45-4916-B5C4-4D1E61AA838F}.AppStore|x64.Build.0 = Debug|Any CPU
		{5F2B0EDA-1F45-4916-B5C4-4D1E61AA838F}.AppStore|x86.ActiveCfg = Debug|Any CPU
		{5F2B0EDA-1F45-4916-B5C4-4D1E61AA838F}.AppStore|x86.Build.0 = Debug|Any CPU
		{5F2B0EDA-1F45-4916-B5C4-4D1E61AA838F}.Debug|Any CPU.ActiveCfg = Debug|Any CPU
		{5F2B0EDA-1F45-4916-B5C4-4D1E61AA838F}.Debug|Any CPU.Build.0 = Debug|Any CPU
		{5F2B0EDA-1F45-4916-B5C4-4D1E61AA838F}.Debug|ARM.ActiveCfg = Debug|Any CPU
		{5F2B0EDA-1F45-4916-B5C4-4D1E61AA838F}.Debug|ARM.Build.0 = Debug|Any CPU
		{5F2B0EDA-1F45-4916-B5C4-4D1E61AA838F}.Debug|iPhone.ActiveCfg = Debug|Any CPU
		{5F2B0EDA-1F45-4916-B5C4-4D1E61AA838F}.Debug|iPhone.Build.0 = Debug|Any CPU
		{5F2B0EDA-1F45-4916-B5C4-4D1E61AA838F}.Debug|iPhoneSimulator.ActiveCfg = Debug|Any CPU
		{5F2B0EDA-1F45-4916-B5C4-4D1E61AA838F}.Debug|iPhoneSimulator.Build.0 = Debug|Any CPU
		{5F2B0EDA-1F45-4916-B5C4-4D1E61AA838F}.Debug|x64.ActiveCfg = Debug|Any CPU
		{5F2B0EDA-1F45-4916-B5C4-4D1E61AA838F}.Debug|x64.Build.0 = Debug|Any CPU
		{5F2B0EDA-1F45-4916-B5C4-4D1E61AA838F}.Debug|x86.ActiveCfg = Debug|Any CPU
		{5F2B0EDA-1F45-4916-B5C4-4D1E61AA838F}.Debug|x86.Build.0 = Debug|Any CPU
		{5F2B0EDA-1F45-4916-B5C4-4D1E61AA838F}.Release|Any CPU.ActiveCfg = Release|Any CPU
		{5F2B0EDA-1F45-4916-B5C4-4D1E61AA838F}.Release|Any CPU.Build.0 = Release|Any CPU
		{5F2B0EDA-1F45-4916-B5C4-4D1E61AA838F}.Release|ARM.ActiveCfg = Release|Any CPU
		{5F2B0EDA-1F45-4916-B5C4-4D1E61AA838F}.Release|ARM.Build.0 = Release|Any CPU
		{5F2B0EDA-1F45-4916-B5C4-4D1E61AA838F}.Release|iPhone.ActiveCfg = Release|Any CPU
		{5F2B0EDA-1F45-4916-B5C4-4D1E61AA838F}.Release|iPhone.Build.0 = Release|Any CPU
		{5F2B0EDA-1F45-4916-B5C4-4D1E61AA838F}.Release|iPhoneSimulator.ActiveCfg = Release|Any CPU
		{5F2B0EDA-1F45-4916-B5C4-4D1E61AA838F}.Release|iPhoneSimulator.Build.0 = Release|Any CPU
		{5F2B0EDA-1F45-4916-B5C4-4D1E61AA838F}.Release|x64.ActiveCfg = Release|Any CPU
		{5F2B0EDA-1F45-4916-B5C4-4D1E61AA838F}.Release|x64.Build.0 = Release|Any CPU
		{5F2B0EDA-1F45-4916-B5C4-4D1E61AA838F}.Release|x86.ActiveCfg = Release|Any CPU
		{5F2B0EDA-1F45-4916-B5C4-4D1E61AA838F}.Release|x86.Build.0 = Release|Any CPU
		{56FFD8B9-F993-4500-ABE4-1DCEF71AAA81}.Ad-Hoc|Any CPU.ActiveCfg = Debug|Any CPU
		{56FFD8B9-F993-4500-ABE4-1DCEF71AAA81}.Ad-Hoc|Any CPU.Build.0 = Debug|Any CPU
		{56FFD8B9-F993-4500-ABE4-1DCEF71AAA81}.Ad-Hoc|ARM.ActiveCfg = Debug|Any CPU
		{56FFD8B9-F993-4500-ABE4-1DCEF71AAA81}.Ad-Hoc|ARM.Build.0 = Debug|Any CPU
		{56FFD8B9-F993-4500-ABE4-1DCEF71AAA81}.Ad-Hoc|iPhone.ActiveCfg = Debug|Any CPU
		{56FFD8B9-F993-4500-ABE4-1DCEF71AAA81}.Ad-Hoc|iPhone.Build.0 = Debug|Any CPU
		{56FFD8B9-F993-4500-ABE4-1DCEF71AAA81}.Ad-Hoc|iPhoneSimulator.ActiveCfg = Debug|Any CPU
		{56FFD8B9-F993-4500-ABE4-1DCEF71AAA81}.Ad-Hoc|iPhoneSimulator.Build.0 = Debug|Any CPU
		{56FFD8B9-F993-4500-ABE4-1DCEF71AAA81}.Ad-Hoc|x64.ActiveCfg = Debug|Any CPU
		{56FFD8B9-F993-4500-ABE4-1DCEF71AAA81}.Ad-Hoc|x64.Build.0 = Debug|Any CPU
		{56FFD8B9-F993-4500-ABE4-1DCEF71AAA81}.Ad-Hoc|x86.ActiveCfg = Debug|Any CPU
		{56FFD8B9-F993-4500-ABE4-1DCEF71AAA81}.Ad-Hoc|x86.Build.0 = Debug|Any CPU
		{56FFD8B9-F993-4500-ABE4-1DCEF71AAA81}.AppStore|Any CPU.ActiveCfg = Debug|Any CPU
		{56FFD8B9-F993-4500-ABE4-1DCEF71AAA81}.AppStore|Any CPU.Build.0 = Debug|Any CPU
		{56FFD8B9-F993-4500-ABE4-1DCEF71AAA81}.AppStore|ARM.ActiveCfg = Debug|Any CPU
		{56FFD8B9-F993-4500-ABE4-1DCEF71AAA81}.AppStore|ARM.Build.0 = Debug|Any CPU
		{56FFD8B9-F993-4500-ABE4-1DCEF71AAA81}.AppStore|iPhone.ActiveCfg = Debug|Any CPU
		{56FFD8B9-F993-4500-ABE4-1DCEF71AAA81}.AppStore|iPhone.Build.0 = Debug|Any CPU
		{56FFD8B9-F993-4500-ABE4-1DCEF71AAA81}.AppStore|iPhoneSimulator.ActiveCfg = Debug|Any CPU
		{56FFD8B9-F993-4500-ABE4-1DCEF71AAA81}.AppStore|iPhoneSimulator.Build.0 = Debug|Any CPU
		{56FFD8B9-F993-4500-ABE4-1DCEF71AAA81}.AppStore|x64.ActiveCfg = Debug|Any CPU
		{56FFD8B9-F993-4500-ABE4-1DCEF71AAA81}.AppStore|x64.Build.0 = Debug|Any CPU
		{56FFD8B9-F993-4500-ABE4-1DCEF71AAA81}.AppStore|x86.ActiveCfg = Debug|Any CPU
		{56FFD8B9-F993-4500-ABE4-1DCEF71AAA81}.AppStore|x86.Build.0 = Debug|Any CPU
		{56FFD8B9-F993-4500-ABE4-1DCEF71AAA81}.Debug|Any CPU.ActiveCfg = Debug|Any CPU
		{56FFD8B9-F993-4500-ABE4-1DCEF71AAA81}.Debug|Any CPU.Build.0 = Debug|Any CPU
		{56FFD8B9-F993-4500-ABE4-1DCEF71AAA81}.Debug|ARM.ActiveCfg = Debug|Any CPU
		{56FFD8B9-F993-4500-ABE4-1DCEF71AAA81}.Debug|ARM.Build.0 = Debug|Any CPU
		{56FFD8B9-F993-4500-ABE4-1DCEF71AAA81}.Debug|iPhone.ActiveCfg = Debug|Any CPU
		{56FFD8B9-F993-4500-ABE4-1DCEF71AAA81}.Debug|iPhone.Build.0 = Debug|Any CPU
		{56FFD8B9-F993-4500-ABE4-1DCEF71AAA81}.Debug|iPhoneSimulator.ActiveCfg = Debug|Any CPU
		{56FFD8B9-F993-4500-ABE4-1DCEF71AAA81}.Debug|iPhoneSimulator.Build.0 = Debug|Any CPU
		{56FFD8B9-F993-4500-ABE4-1DCEF71AAA81}.Debug|x64.ActiveCfg = Debug|Any CPU
		{56FFD8B9-F993-4500-ABE4-1DCEF71AAA81}.Debug|x64.Build.0 = Debug|Any CPU
		{56FFD8B9-F993-4500-ABE4-1DCEF71AAA81}.Debug|x86.ActiveCfg = Debug|Any CPU
		{56FFD8B9-F993-4500-ABE4-1DCEF71AAA81}.Debug|x86.Build.0 = Debug|Any CPU
		{56FFD8B9-F993-4500-ABE4-1DCEF71AAA81}.Release|Any CPU.ActiveCfg = Release|Any CPU
		{56FFD8B9-F993-4500-ABE4-1DCEF71AAA81}.Release|Any CPU.Build.0 = Release|Any CPU
		{56FFD8B9-F993-4500-ABE4-1DCEF71AAA81}.Release|ARM.ActiveCfg = Release|Any CPU
		{56FFD8B9-F993-4500-ABE4-1DCEF71AAA81}.Release|ARM.Build.0 = Release|Any CPU
		{56FFD8B9-F993-4500-ABE4-1DCEF71AAA81}.Release|iPhone.ActiveCfg = Release|Any CPU
		{56FFD8B9-F993-4500-ABE4-1DCEF71AAA81}.Release|iPhone.Build.0 = Release|Any CPU
		{56FFD8B9-F993-4500-ABE4-1DCEF71AAA81}.Release|iPhoneSimulator.ActiveCfg = Release|Any CPU
		{56FFD8B9-F993-4500-ABE4-1DCEF71AAA81}.Release|iPhoneSimulator.Build.0 = Release|Any CPU
		{56FFD8B9-F993-4500-ABE4-1DCEF71AAA81}.Release|x64.ActiveCfg = Release|Any CPU
		{56FFD8B9-F993-4500-ABE4-1DCEF71AAA81}.Release|x64.Build.0 = Release|Any CPU
		{56FFD8B9-F993-4500-ABE4-1DCEF71AAA81}.Release|x86.ActiveCfg = Release|Any CPU
		{56FFD8B9-F993-4500-ABE4-1DCEF71AAA81}.Release|x86.Build.0 = Release|Any CPU
		{55787457-7AC3-43C3-B168-5CF412A99E2A}.Ad-Hoc|Any CPU.ActiveCfg = Release|Any CPU
		{55787457-7AC3-43C3-B168-5CF412A99E2A}.Ad-Hoc|Any CPU.Build.0 = Release|Any CPU
		{55787457-7AC3-43C3-B168-5CF412A99E2A}.Ad-Hoc|ARM.ActiveCfg = Release|Any CPU
		{55787457-7AC3-43C3-B168-5CF412A99E2A}.Ad-Hoc|ARM.Build.0 = Release|Any CPU
		{55787457-7AC3-43C3-B168-5CF412A99E2A}.Ad-Hoc|iPhone.ActiveCfg = Release|Any CPU
		{55787457-7AC3-43C3-B168-5CF412A99E2A}.Ad-Hoc|iPhone.Build.0 = Release|Any CPU
		{55787457-7AC3-43C3-B168-5CF412A99E2A}.Ad-Hoc|iPhoneSimulator.ActiveCfg = Release|Any CPU
		{55787457-7AC3-43C3-B168-5CF412A99E2A}.Ad-Hoc|iPhoneSimulator.Build.0 = Release|Any CPU
		{55787457-7AC3-43C3-B168-5CF412A99E2A}.Ad-Hoc|x64.ActiveCfg = Release|Any CPU
		{55787457-7AC3-43C3-B168-5CF412A99E2A}.Ad-Hoc|x64.Build.0 = Release|Any CPU
		{55787457-7AC3-43C3-B168-5CF412A99E2A}.Ad-Hoc|x86.ActiveCfg = Release|Any CPU
		{55787457-7AC3-43C3-B168-5CF412A99E2A}.Ad-Hoc|x86.Build.0 = Release|Any CPU
		{55787457-7AC3-43C3-B168-5CF412A99E2A}.AppStore|Any CPU.ActiveCfg = Release|Any CPU
		{55787457-7AC3-43C3-B168-5CF412A99E2A}.AppStore|Any CPU.Build.0 = Release|Any CPU
		{55787457-7AC3-43C3-B168-5CF412A99E2A}.AppStore|ARM.ActiveCfg = Release|Any CPU
		{55787457-7AC3-43C3-B168-5CF412A99E2A}.AppStore|ARM.Build.0 = Release|Any CPU
		{55787457-7AC3-43C3-B168-5CF412A99E2A}.AppStore|iPhone.ActiveCfg = Release|Any CPU
		{55787457-7AC3-43C3-B168-5CF412A99E2A}.AppStore|iPhone.Build.0 = Release|Any CPU
		{55787457-7AC3-43C3-B168-5CF412A99E2A}.AppStore|iPhoneSimulator.ActiveCfg = Release|Any CPU
		{55787457-7AC3-43C3-B168-5CF412A99E2A}.AppStore|iPhoneSimulator.Build.0 = Release|Any CPU
		{55787457-7AC3-43C3-B168-5CF412A99E2A}.AppStore|x64.ActiveCfg = Release|Any CPU
		{55787457-7AC3-43C3-B168-5CF412A99E2A}.AppStore|x64.Build.0 = Release|Any CPU
		{55787457-7AC3-43C3-B168-5CF412A99E2A}.AppStore|x86.ActiveCfg = Release|Any CPU
		{55787457-7AC3-43C3-B168-5CF412A99E2A}.AppStore|x86.Build.0 = Release|Any CPU
		{55787457-7AC3-43C3-B168-5CF412A99E2A}.Debug|Any CPU.ActiveCfg = Debug|Any CPU
		{55787457-7AC3-43C3-B168-5CF412A99E2A}.Debug|Any CPU.Build.0 = Debug|Any CPU
		{55787457-7AC3-43C3-B168-5CF412A99E2A}.Debug|ARM.ActiveCfg = Debug|Any CPU
		{55787457-7AC3-43C3-B168-5CF412A99E2A}.Debug|ARM.Build.0 = Debug|Any CPU
		{55787457-7AC3-43C3-B168-5CF412A99E2A}.Debug|iPhone.ActiveCfg = Debug|Any CPU
		{55787457-7AC3-43C3-B168-5CF412A99E2A}.Debug|iPhone.Build.0 = Debug|Any CPU
		{55787457-7AC3-43C3-B168-5CF412A99E2A}.Debug|iPhoneSimulator.ActiveCfg = Debug|Any CPU
		{55787457-7AC3-43C3-B168-5CF412A99E2A}.Debug|iPhoneSimulator.Build.0 = Debug|Any CPU
		{55787457-7AC3-43C3-B168-5CF412A99E2A}.Debug|x64.ActiveCfg = Debug|Any CPU
		{55787457-7AC3-43C3-B168-5CF412A99E2A}.Debug|x64.Build.0 = Debug|Any CPU
		{55787457-7AC3-43C3-B168-5CF412A99E2A}.Debug|x86.ActiveCfg = Debug|Any CPU
		{55787457-7AC3-43C3-B168-5CF412A99E2A}.Debug|x86.Build.0 = Debug|Any CPU
		{55787457-7AC3-43C3-B168-5CF412A99E2A}.Release|Any CPU.ActiveCfg = Release|Any CPU
		{55787457-7AC3-43C3-B168-5CF412A99E2A}.Release|Any CPU.Build.0 = Release|Any CPU
		{55787457-7AC3-43C3-B168-5CF412A99E2A}.Release|ARM.ActiveCfg = Release|Any CPU
		{55787457-7AC3-43C3-B168-5CF412A99E2A}.Release|ARM.Build.0 = Release|Any CPU
		{55787457-7AC3-43C3-B168-5CF412A99E2A}.Release|iPhone.ActiveCfg = Release|Any CPU
		{55787457-7AC3-43C3-B168-5CF412A99E2A}.Release|iPhone.Build.0 = Release|Any CPU
		{55787457-7AC3-43C3-B168-5CF412A99E2A}.Release|iPhoneSimulator.ActiveCfg = Release|Any CPU
		{55787457-7AC3-43C3-B168-5CF412A99E2A}.Release|iPhoneSimulator.Build.0 = Release|Any CPU
		{55787457-7AC3-43C3-B168-5CF412A99E2A}.Release|x64.ActiveCfg = Release|Any CPU
		{55787457-7AC3-43C3-B168-5CF412A99E2A}.Release|x64.Build.0 = Release|Any CPU
		{55787457-7AC3-43C3-B168-5CF412A99E2A}.Release|x86.ActiveCfg = Release|Any CPU
		{55787457-7AC3-43C3-B168-5CF412A99E2A}.Release|x86.Build.0 = Release|Any CPU
		{8A26FC2E-6C86-4708-9DDA-12335D2311D6}.Ad-Hoc|Any CPU.ActiveCfg = Debug|Any CPU
		{8A26FC2E-6C86-4708-9DDA-12335D2311D6}.Ad-Hoc|Any CPU.Build.0 = Debug|Any CPU
		{8A26FC2E-6C86-4708-9DDA-12335D2311D6}.Ad-Hoc|ARM.ActiveCfg = Debug|Any CPU
		{8A26FC2E-6C86-4708-9DDA-12335D2311D6}.Ad-Hoc|ARM.Build.0 = Debug|Any CPU
		{8A26FC2E-6C86-4708-9DDA-12335D2311D6}.Ad-Hoc|iPhone.ActiveCfg = Debug|Any CPU
		{8A26FC2E-6C86-4708-9DDA-12335D2311D6}.Ad-Hoc|iPhone.Build.0 = Debug|Any CPU
		{8A26FC2E-6C86-4708-9DDA-12335D2311D6}.Ad-Hoc|iPhoneSimulator.ActiveCfg = Debug|Any CPU
		{8A26FC2E-6C86-4708-9DDA-12335D2311D6}.Ad-Hoc|iPhoneSimulator.Build.0 = Debug|Any CPU
		{8A26FC2E-6C86-4708-9DDA-12335D2311D6}.Ad-Hoc|x64.ActiveCfg = Debug|Any CPU
		{8A26FC2E-6C86-4708-9DDA-12335D2311D6}.Ad-Hoc|x64.Build.0 = Debug|Any CPU
		{8A26FC2E-6C86-4708-9DDA-12335D2311D6}.Ad-Hoc|x86.ActiveCfg = Debug|Any CPU
		{8A26FC2E-6C86-4708-9DDA-12335D2311D6}.Ad-Hoc|x86.Build.0 = Debug|Any CPU
		{8A26FC2E-6C86-4708-9DDA-12335D2311D6}.AppStore|Any CPU.ActiveCfg = Debug|Any CPU
		{8A26FC2E-6C86-4708-9DDA-12335D2311D6}.AppStore|Any CPU.Build.0 = Debug|Any CPU
		{8A26FC2E-6C86-4708-9DDA-12335D2311D6}.AppStore|ARM.ActiveCfg = Debug|Any CPU
		{8A26FC2E-6C86-4708-9DDA-12335D2311D6}.AppStore|ARM.Build.0 = Debug|Any CPU
		{8A26FC2E-6C86-4708-9DDA-12335D2311D6}.AppStore|iPhone.ActiveCfg = Debug|Any CPU
		{8A26FC2E-6C86-4708-9DDA-12335D2311D6}.AppStore|iPhone.Build.0 = Debug|Any CPU
		{8A26FC2E-6C86-4708-9DDA-12335D2311D6}.AppStore|iPhoneSimulator.ActiveCfg = Debug|Any CPU
		{8A26FC2E-6C86-4708-9DDA-12335D2311D6}.AppStore|iPhoneSimulator.Build.0 = Debug|Any CPU
		{8A26FC2E-6C86-4708-9DDA-12335D2311D6}.AppStore|x64.ActiveCfg = Debug|Any CPU
		{8A26FC2E-6C86-4708-9DDA-12335D2311D6}.AppStore|x64.Build.0 = Debug|Any CPU
		{8A26FC2E-6C86-4708-9DDA-12335D2311D6}.AppStore|x86.ActiveCfg = Debug|Any CPU
		{8A26FC2E-6C86-4708-9DDA-12335D2311D6}.AppStore|x86.Build.0 = Debug|Any CPU
		{8A26FC2E-6C86-4708-9DDA-12335D2311D6}.Debug|Any CPU.ActiveCfg = Debug|Any CPU
		{8A26FC2E-6C86-4708-9DDA-12335D2311D6}.Debug|Any CPU.Build.0 = Debug|Any CPU
		{8A26FC2E-6C86-4708-9DDA-12335D2311D6}.Debug|ARM.ActiveCfg = Debug|Any CPU
		{8A26FC2E-6C86-4708-9DDA-12335D2311D6}.Debug|ARM.Build.0 = Debug|Any CPU
		{8A26FC2E-6C86-4708-9DDA-12335D2311D6}.Debug|iPhone.ActiveCfg = Debug|Any CPU
		{8A26FC2E-6C86-4708-9DDA-12335D2311D6}.Debug|iPhone.Build.0 = Debug|Any CPU
		{8A26FC2E-6C86-4708-9DDA-12335D2311D6}.Debug|iPhoneSimulator.ActiveCfg = Debug|Any CPU
		{8A26FC2E-6C86-4708-9DDA-12335D2311D6}.Debug|iPhoneSimulator.Build.0 = Debug|Any CPU
		{8A26FC2E-6C86-4708-9DDA-12335D2311D6}.Debug|x64.ActiveCfg = Debug|Any CPU
		{8A26FC2E-6C86-4708-9DDA-12335D2311D6}.Debug|x64.Build.0 = Debug|Any CPU
		{8A26FC2E-6C86-4708-9DDA-12335D2311D6}.Debug|x86.ActiveCfg = Debug|Any CPU
		{8A26FC2E-6C86-4708-9DDA-12335D2311D6}.Debug|x86.Build.0 = Debug|Any CPU
		{8A26FC2E-6C86-4708-9DDA-12335D2311D6}.Release|Any CPU.ActiveCfg = Release|Any CPU
		{8A26FC2E-6C86-4708-9DDA-12335D2311D6}.Release|Any CPU.Build.0 = Release|Any CPU
		{8A26FC2E-6C86-4708-9DDA-12335D2311D6}.Release|ARM.ActiveCfg = Release|Any CPU
		{8A26FC2E-6C86-4708-9DDA-12335D2311D6}.Release|ARM.Build.0 = Release|Any CPU
		{8A26FC2E-6C86-4708-9DDA-12335D2311D6}.Release|iPhone.ActiveCfg = Release|Any CPU
		{8A26FC2E-6C86-4708-9DDA-12335D2311D6}.Release|iPhone.Build.0 = Release|Any CPU
		{8A26FC2E-6C86-4708-9DDA-12335D2311D6}.Release|iPhoneSimulator.ActiveCfg = Release|Any CPU
		{8A26FC2E-6C86-4708-9DDA-12335D2311D6}.Release|iPhoneSimulator.Build.0 = Release|Any CPU
		{8A26FC2E-6C86-4708-9DDA-12335D2311D6}.Release|x64.ActiveCfg = Release|Any CPU
		{8A26FC2E-6C86-4708-9DDA-12335D2311D6}.Release|x64.Build.0 = Release|Any CPU
		{8A26FC2E-6C86-4708-9DDA-12335D2311D6}.Release|x86.ActiveCfg = Release|Any CPU
		{8A26FC2E-6C86-4708-9DDA-12335D2311D6}.Release|x86.Build.0 = Release|Any CPU
		{2A58342E-4836-4BBB-85B3-EFDAACB310CD}.Ad-Hoc|Any CPU.ActiveCfg = Debug|Any CPU
		{2A58342E-4836-4BBB-85B3-EFDAACB310CD}.Ad-Hoc|Any CPU.Build.0 = Debug|Any CPU
		{2A58342E-4836-4BBB-85B3-EFDAACB310CD}.Ad-Hoc|ARM.ActiveCfg = Debug|Any CPU
		{2A58342E-4836-4BBB-85B3-EFDAACB310CD}.Ad-Hoc|ARM.Build.0 = Debug|Any CPU
		{2A58342E-4836-4BBB-85B3-EFDAACB310CD}.Ad-Hoc|iPhone.ActiveCfg = Debug|Any CPU
		{2A58342E-4836-4BBB-85B3-EFDAACB310CD}.Ad-Hoc|iPhone.Build.0 = Debug|Any CPU
		{2A58342E-4836-4BBB-85B3-EFDAACB310CD}.Ad-Hoc|iPhoneSimulator.ActiveCfg = Debug|Any CPU
		{2A58342E-4836-4BBB-85B3-EFDAACB310CD}.Ad-Hoc|iPhoneSimulator.Build.0 = Debug|Any CPU
		{2A58342E-4836-4BBB-85B3-EFDAACB310CD}.Ad-Hoc|x64.ActiveCfg = Debug|Any CPU
		{2A58342E-4836-4BBB-85B3-EFDAACB310CD}.Ad-Hoc|x64.Build.0 = Debug|Any CPU
		{2A58342E-4836-4BBB-85B3-EFDAACB310CD}.Ad-Hoc|x86.ActiveCfg = Debug|Any CPU
		{2A58342E-4836-4BBB-85B3-EFDAACB310CD}.Ad-Hoc|x86.Build.0 = Debug|Any CPU
		{2A58342E-4836-4BBB-85B3-EFDAACB310CD}.AppStore|Any CPU.ActiveCfg = Debug|Any CPU
		{2A58342E-4836-4BBB-85B3-EFDAACB310CD}.AppStore|Any CPU.Build.0 = Debug|Any CPU
		{2A58342E-4836-4BBB-85B3-EFDAACB310CD}.AppStore|ARM.ActiveCfg = Debug|Any CPU
		{2A58342E-4836-4BBB-85B3-EFDAACB310CD}.AppStore|ARM.Build.0 = Debug|Any CPU
		{2A58342E-4836-4BBB-85B3-EFDAACB310CD}.AppStore|iPhone.ActiveCfg = Debug|Any CPU
		{2A58342E-4836-4BBB-85B3-EFDAACB310CD}.AppStore|iPhone.Build.0 = Debug|Any CPU
		{2A58342E-4836-4BBB-85B3-EFDAACB310CD}.AppStore|iPhoneSimulator.ActiveCfg = Debug|Any CPU
		{2A58342E-4836-4BBB-85B3-EFDAACB310CD}.AppStore|iPhoneSimulator.Build.0 = Debug|Any CPU
		{2A58342E-4836-4BBB-85B3-EFDAACB310CD}.AppStore|x64.ActiveCfg = Debug|Any CPU
		{2A58342E-4836-4BBB-85B3-EFDAACB310CD}.AppStore|x64.Build.0 = Debug|Any CPU
		{2A58342E-4836-4BBB-85B3-EFDAACB310CD}.AppStore|x86.ActiveCfg = Debug|Any CPU
		{2A58342E-4836-4BBB-85B3-EFDAACB310CD}.AppStore|x86.Build.0 = Debug|Any CPU
		{2A58342E-4836-4BBB-85B3-EFDAACB310CD}.Debug|Any CPU.ActiveCfg = Debug|Any CPU
		{2A58342E-4836-4BBB-85B3-EFDAACB310CD}.Debug|Any CPU.Build.0 = Debug|Any CPU
		{2A58342E-4836-4BBB-85B3-EFDAACB310CD}.Debug|ARM.ActiveCfg = Debug|Any CPU
		{2A58342E-4836-4BBB-85B3-EFDAACB310CD}.Debug|ARM.Build.0 = Debug|Any CPU
		{2A58342E-4836-4BBB-85B3-EFDAACB310CD}.Debug|iPhone.ActiveCfg = Debug|Any CPU
		{2A58342E-4836-4BBB-85B3-EFDAACB310CD}.Debug|iPhone.Build.0 = Debug|Any CPU
		{2A58342E-4836-4BBB-85B3-EFDAACB310CD}.Debug|iPhoneSimulator.ActiveCfg = Debug|Any CPU
		{2A58342E-4836-4BBB-85B3-EFDAACB310CD}.Debug|iPhoneSimulator.Build.0 = Debug|Any CPU
		{2A58342E-4836-4BBB-85B3-EFDAACB310CD}.Debug|x64.ActiveCfg = Debug|Any CPU
		{2A58342E-4836-4BBB-85B3-EFDAACB310CD}.Debug|x64.Build.0 = Debug|Any CPU
		{2A58342E-4836-4BBB-85B3-EFDAACB310CD}.Debug|x86.ActiveCfg = Debug|Any CPU
		{2A58342E-4836-4BBB-85B3-EFDAACB310CD}.Debug|x86.Build.0 = Debug|Any CPU
		{2A58342E-4836-4BBB-85B3-EFDAACB310CD}.Release|Any CPU.ActiveCfg = Release|Any CPU
		{2A58342E-4836-4BBB-85B3-EFDAACB310CD}.Release|Any CPU.Build.0 = Release|Any CPU
		{2A58342E-4836-4BBB-85B3-EFDAACB310CD}.Release|ARM.ActiveCfg = Release|Any CPU
		{2A58342E-4836-4BBB-85B3-EFDAACB310CD}.Release|ARM.Build.0 = Release|Any CPU
		{2A58342E-4836-4BBB-85B3-EFDAACB310CD}.Release|iPhone.ActiveCfg = Release|Any CPU
		{2A58342E-4836-4BBB-85B3-EFDAACB310CD}.Release|iPhone.Build.0 = Release|Any CPU
		{2A58342E-4836-4BBB-85B3-EFDAACB310CD}.Release|iPhoneSimulator.ActiveCfg = Release|Any CPU
		{2A58342E-4836-4BBB-85B3-EFDAACB310CD}.Release|iPhoneSimulator.Build.0 = Release|Any CPU
		{2A58342E-4836-4BBB-85B3-EFDAACB310CD}.Release|x64.ActiveCfg = Release|Any CPU
		{2A58342E-4836-4BBB-85B3-EFDAACB310CD}.Release|x64.Build.0 = Release|Any CPU
		{2A58342E-4836-4BBB-85B3-EFDAACB310CD}.Release|x86.ActiveCfg = Release|Any CPU
		{2A58342E-4836-4BBB-85B3-EFDAACB310CD}.Release|x86.Build.0 = Release|Any CPU
		{87C30186-7988-4E6B-91DE-7DF3C1B02536}.Ad-Hoc|Any CPU.ActiveCfg = Debug|Any CPU
		{87C30186-7988-4E6B-91DE-7DF3C1B02536}.Ad-Hoc|Any CPU.Build.0 = Debug|Any CPU
		{87C30186-7988-4E6B-91DE-7DF3C1B02536}.Ad-Hoc|ARM.ActiveCfg = Debug|Any CPU
		{87C30186-7988-4E6B-91DE-7DF3C1B02536}.Ad-Hoc|ARM.Build.0 = Debug|Any CPU
		{87C30186-7988-4E6B-91DE-7DF3C1B02536}.Ad-Hoc|iPhone.ActiveCfg = Debug|Any CPU
		{87C30186-7988-4E6B-91DE-7DF3C1B02536}.Ad-Hoc|iPhone.Build.0 = Debug|Any CPU
		{87C30186-7988-4E6B-91DE-7DF3C1B02536}.Ad-Hoc|iPhoneSimulator.ActiveCfg = Debug|Any CPU
		{87C30186-7988-4E6B-91DE-7DF3C1B02536}.Ad-Hoc|iPhoneSimulator.Build.0 = Debug|Any CPU
		{87C30186-7988-4E6B-91DE-7DF3C1B02536}.Ad-Hoc|x64.ActiveCfg = Debug|Any CPU
		{87C30186-7988-4E6B-91DE-7DF3C1B02536}.Ad-Hoc|x64.Build.0 = Debug|Any CPU
		{87C30186-7988-4E6B-91DE-7DF3C1B02536}.Ad-Hoc|x86.ActiveCfg = Debug|Any CPU
		{87C30186-7988-4E6B-91DE-7DF3C1B02536}.Ad-Hoc|x86.Build.0 = Debug|Any CPU
		{87C30186-7988-4E6B-91DE-7DF3C1B02536}.AppStore|Any CPU.ActiveCfg = Debug|Any CPU
		{87C30186-7988-4E6B-91DE-7DF3C1B02536}.AppStore|Any CPU.Build.0 = Debug|Any CPU
		{87C30186-7988-4E6B-91DE-7DF3C1B02536}.AppStore|ARM.ActiveCfg = Debug|Any CPU
		{87C30186-7988-4E6B-91DE-7DF3C1B02536}.AppStore|ARM.Build.0 = Debug|Any CPU
		{87C30186-7988-4E6B-91DE-7DF3C1B02536}.AppStore|iPhone.ActiveCfg = Debug|Any CPU
		{87C30186-7988-4E6B-91DE-7DF3C1B02536}.AppStore|iPhone.Build.0 = Debug|Any CPU
		{87C30186-7988-4E6B-91DE-7DF3C1B02536}.AppStore|iPhoneSimulator.ActiveCfg = Debug|Any CPU
		{87C30186-7988-4E6B-91DE-7DF3C1B02536}.AppStore|iPhoneSimulator.Build.0 = Debug|Any CPU
		{87C30186-7988-4E6B-91DE-7DF3C1B02536}.AppStore|x64.ActiveCfg = Debug|Any CPU
		{87C30186-7988-4E6B-91DE-7DF3C1B02536}.AppStore|x64.Build.0 = Debug|Any CPU
		{87C30186-7988-4E6B-91DE-7DF3C1B02536}.AppStore|x86.ActiveCfg = Debug|Any CPU
		{87C30186-7988-4E6B-91DE-7DF3C1B02536}.AppStore|x86.Build.0 = Debug|Any CPU
		{87C30186-7988-4E6B-91DE-7DF3C1B02536}.Debug|Any CPU.ActiveCfg = Debug|Any CPU
		{87C30186-7988-4E6B-91DE-7DF3C1B02536}.Debug|Any CPU.Build.0 = Debug|Any CPU
		{87C30186-7988-4E6B-91DE-7DF3C1B02536}.Debug|ARM.ActiveCfg = Debug|Any CPU
		{87C30186-7988-4E6B-91DE-7DF3C1B02536}.Debug|ARM.Build.0 = Debug|Any CPU
		{87C30186-7988-4E6B-91DE-7DF3C1B02536}.Debug|iPhone.ActiveCfg = Debug|Any CPU
		{87C30186-7988-4E6B-91DE-7DF3C1B02536}.Debug|iPhone.Build.0 = Debug|Any CPU
		{87C30186-7988-4E6B-91DE-7DF3C1B02536}.Debug|iPhoneSimulator.ActiveCfg = Debug|Any CPU
		{87C30186-7988-4E6B-91DE-7DF3C1B02536}.Debug|iPhoneSimulator.Build.0 = Debug|Any CPU
		{87C30186-7988-4E6B-91DE-7DF3C1B02536}.Debug|x64.ActiveCfg = Debug|Any CPU
		{87C30186-7988-4E6B-91DE-7DF3C1B02536}.Debug|x64.Build.0 = Debug|Any CPU
		{87C30186-7988-4E6B-91DE-7DF3C1B02536}.Debug|x86.ActiveCfg = Debug|Any CPU
		{87C30186-7988-4E6B-91DE-7DF3C1B02536}.Debug|x86.Build.0 = Debug|Any CPU
		{87C30186-7988-4E6B-91DE-7DF3C1B02536}.Release|Any CPU.ActiveCfg = Release|Any CPU
		{87C30186-7988-4E6B-91DE-7DF3C1B02536}.Release|Any CPU.Build.0 = Release|Any CPU
		{87C30186-7988-4E6B-91DE-7DF3C1B02536}.Release|ARM.ActiveCfg = Release|Any CPU
		{87C30186-7988-4E6B-91DE-7DF3C1B02536}.Release|ARM.Build.0 = Release|Any CPU
		{87C30186-7988-4E6B-91DE-7DF3C1B02536}.Release|iPhone.ActiveCfg = Release|Any CPU
		{87C30186-7988-4E6B-91DE-7DF3C1B02536}.Release|iPhone.Build.0 = Release|Any CPU
		{87C30186-7988-4E6B-91DE-7DF3C1B02536}.Release|iPhoneSimulator.ActiveCfg = Release|Any CPU
		{87C30186-7988-4E6B-91DE-7DF3C1B02536}.Release|iPhoneSimulator.Build.0 = Release|Any CPU
		{87C30186-7988-4E6B-91DE-7DF3C1B02536}.Release|x64.ActiveCfg = Release|Any CPU
		{87C30186-7988-4E6B-91DE-7DF3C1B02536}.Release|x64.Build.0 = Release|Any CPU
		{87C30186-7988-4E6B-91DE-7DF3C1B02536}.Release|x86.ActiveCfg = Release|Any CPU
		{87C30186-7988-4E6B-91DE-7DF3C1B02536}.Release|x86.Build.0 = Release|Any CPU
		{2E064A2F-575A-45C3-9741-1136CE997C25}.Ad-Hoc|Any CPU.ActiveCfg = Release|Any CPU
		{2E064A2F-575A-45C3-9741-1136CE997C25}.Ad-Hoc|Any CPU.Build.0 = Release|Any CPU
		{2E064A2F-575A-45C3-9741-1136CE997C25}.Ad-Hoc|ARM.ActiveCfg = Release|Any CPU
		{2E064A2F-575A-45C3-9741-1136CE997C25}.Ad-Hoc|ARM.Build.0 = Release|Any CPU
		{2E064A2F-575A-45C3-9741-1136CE997C25}.Ad-Hoc|iPhone.ActiveCfg = Release|Any CPU
		{2E064A2F-575A-45C3-9741-1136CE997C25}.Ad-Hoc|iPhone.Build.0 = Release|Any CPU
		{2E064A2F-575A-45C3-9741-1136CE997C25}.Ad-Hoc|iPhoneSimulator.ActiveCfg = Release|Any CPU
		{2E064A2F-575A-45C3-9741-1136CE997C25}.Ad-Hoc|iPhoneSimulator.Build.0 = Release|Any CPU
		{2E064A2F-575A-45C3-9741-1136CE997C25}.Ad-Hoc|x64.ActiveCfg = Release|Any CPU
		{2E064A2F-575A-45C3-9741-1136CE997C25}.Ad-Hoc|x64.Build.0 = Release|Any CPU
		{2E064A2F-575A-45C3-9741-1136CE997C25}.Ad-Hoc|x86.ActiveCfg = Release|Any CPU
		{2E064A2F-575A-45C3-9741-1136CE997C25}.Ad-Hoc|x86.Build.0 = Release|Any CPU
		{2E064A2F-575A-45C3-9741-1136CE997C25}.AppStore|Any CPU.ActiveCfg = Release|Any CPU
		{2E064A2F-575A-45C3-9741-1136CE997C25}.AppStore|Any CPU.Build.0 = Release|Any CPU
		{2E064A2F-575A-45C3-9741-1136CE997C25}.AppStore|ARM.ActiveCfg = Release|Any CPU
		{2E064A2F-575A-45C3-9741-1136CE997C25}.AppStore|ARM.Build.0 = Release|Any CPU
		{2E064A2F-575A-45C3-9741-1136CE997C25}.AppStore|iPhone.ActiveCfg = Release|Any CPU
		{2E064A2F-575A-45C3-9741-1136CE997C25}.AppStore|iPhone.Build.0 = Release|Any CPU
		{2E064A2F-575A-45C3-9741-1136CE997C25}.AppStore|iPhoneSimulator.ActiveCfg = Release|Any CPU
		{2E064A2F-575A-45C3-9741-1136CE997C25}.AppStore|iPhoneSimulator.Build.0 = Release|Any CPU
		{2E064A2F-575A-45C3-9741-1136CE997C25}.AppStore|x64.ActiveCfg = Release|Any CPU
		{2E064A2F-575A-45C3-9741-1136CE997C25}.AppStore|x64.Build.0 = Release|Any CPU
		{2E064A2F-575A-45C3-9741-1136CE997C25}.AppStore|x86.ActiveCfg = Release|Any CPU
		{2E064A2F-575A-45C3-9741-1136CE997C25}.AppStore|x86.Build.0 = Release|Any CPU
		{2E064A2F-575A-45C3-9741-1136CE997C25}.Debug|Any CPU.ActiveCfg = Debug|Any CPU
		{2E064A2F-575A-45C3-9741-1136CE997C25}.Debug|Any CPU.Build.0 = Debug|Any CPU
		{2E064A2F-575A-45C3-9741-1136CE997C25}.Debug|ARM.ActiveCfg = Debug|Any CPU
		{2E064A2F-575A-45C3-9741-1136CE997C25}.Debug|ARM.Build.0 = Debug|Any CPU
		{2E064A2F-575A-45C3-9741-1136CE997C25}.Debug|iPhone.ActiveCfg = Debug|Any CPU
		{2E064A2F-575A-45C3-9741-1136CE997C25}.Debug|iPhone.Build.0 = Debug|Any CPU
		{2E064A2F-575A-45C3-9741-1136CE997C25}.Debug|iPhoneSimulator.ActiveCfg = Debug|Any CPU
		{2E064A2F-575A-45C3-9741-1136CE997C25}.Debug|iPhoneSimulator.Build.0 = Debug|Any CPU
		{2E064A2F-575A-45C3-9741-1136CE997C25}.Debug|x64.ActiveCfg = Debug|Any CPU
		{2E064A2F-575A-45C3-9741-1136CE997C25}.Debug|x64.Build.0 = Debug|Any CPU
		{2E064A2F-575A-45C3-9741-1136CE997C25}.Debug|x86.ActiveCfg = Debug|Any CPU
		{2E064A2F-575A-45C3-9741-1136CE997C25}.Debug|x86.Build.0 = Debug|Any CPU
		{2E064A2F-575A-45C3-9741-1136CE997C25}.Release|Any CPU.ActiveCfg = Release|Any CPU
		{2E064A2F-575A-45C3-9741-1136CE997C25}.Release|Any CPU.Build.0 = Release|Any CPU
		{2E064A2F-575A-45C3-9741-1136CE997C25}.Release|ARM.ActiveCfg = Release|Any CPU
		{2E064A2F-575A-45C3-9741-1136CE997C25}.Release|ARM.Build.0 = Release|Any CPU
		{2E064A2F-575A-45C3-9741-1136CE997C25}.Release|iPhone.ActiveCfg = Release|Any CPU
		{2E064A2F-575A-45C3-9741-1136CE997C25}.Release|iPhone.Build.0 = Release|Any CPU
		{2E064A2F-575A-45C3-9741-1136CE997C25}.Release|iPhoneSimulator.ActiveCfg = Release|Any CPU
		{2E064A2F-575A-45C3-9741-1136CE997C25}.Release|iPhoneSimulator.Build.0 = Release|Any CPU
		{2E064A2F-575A-45C3-9741-1136CE997C25}.Release|x64.ActiveCfg = Release|Any CPU
		{2E064A2F-575A-45C3-9741-1136CE997C25}.Release|x64.Build.0 = Release|Any CPU
		{2E064A2F-575A-45C3-9741-1136CE997C25}.Release|x86.ActiveCfg = Release|Any CPU
		{2E064A2F-575A-45C3-9741-1136CE997C25}.Release|x86.Build.0 = Release|Any CPU
		{DAA71D91-A581-4AE0-BB27-D269DE6A3D37}.Ad-Hoc|Any CPU.ActiveCfg = Release|Any CPU
		{DAA71D91-A581-4AE0-BB27-D269DE6A3D37}.Ad-Hoc|Any CPU.Build.0 = Release|Any CPU
		{DAA71D91-A581-4AE0-BB27-D269DE6A3D37}.Ad-Hoc|ARM.ActiveCfg = Release|Any CPU
		{DAA71D91-A581-4AE0-BB27-D269DE6A3D37}.Ad-Hoc|ARM.Build.0 = Release|Any CPU
		{DAA71D91-A581-4AE0-BB27-D269DE6A3D37}.Ad-Hoc|iPhone.ActiveCfg = Release|Any CPU
		{DAA71D91-A581-4AE0-BB27-D269DE6A3D37}.Ad-Hoc|iPhone.Build.0 = Release|Any CPU
		{DAA71D91-A581-4AE0-BB27-D269DE6A3D37}.Ad-Hoc|iPhoneSimulator.ActiveCfg = Release|Any CPU
		{DAA71D91-A581-4AE0-BB27-D269DE6A3D37}.Ad-Hoc|iPhoneSimulator.Build.0 = Release|Any CPU
		{DAA71D91-A581-4AE0-BB27-D269DE6A3D37}.Ad-Hoc|x64.ActiveCfg = Release|Any CPU
		{DAA71D91-A581-4AE0-BB27-D269DE6A3D37}.Ad-Hoc|x64.Build.0 = Release|Any CPU
		{DAA71D91-A581-4AE0-BB27-D269DE6A3D37}.Ad-Hoc|x86.ActiveCfg = Release|Any CPU
		{DAA71D91-A581-4AE0-BB27-D269DE6A3D37}.Ad-Hoc|x86.Build.0 = Release|Any CPU
		{DAA71D91-A581-4AE0-BB27-D269DE6A3D37}.AppStore|Any CPU.ActiveCfg = Release|Any CPU
		{DAA71D91-A581-4AE0-BB27-D269DE6A3D37}.AppStore|Any CPU.Build.0 = Release|Any CPU
		{DAA71D91-A581-4AE0-BB27-D269DE6A3D37}.AppStore|ARM.ActiveCfg = Release|Any CPU
		{DAA71D91-A581-4AE0-BB27-D269DE6A3D37}.AppStore|ARM.Build.0 = Release|Any CPU
		{DAA71D91-A581-4AE0-BB27-D269DE6A3D37}.AppStore|iPhone.ActiveCfg = Release|Any CPU
		{DAA71D91-A581-4AE0-BB27-D269DE6A3D37}.AppStore|iPhone.Build.0 = Release|Any CPU
		{DAA71D91-A581-4AE0-BB27-D269DE6A3D37}.AppStore|iPhoneSimulator.ActiveCfg = Release|Any CPU
		{DAA71D91-A581-4AE0-BB27-D269DE6A3D37}.AppStore|iPhoneSimulator.Build.0 = Release|Any CPU
		{DAA71D91-A581-4AE0-BB27-D269DE6A3D37}.AppStore|x64.ActiveCfg = Release|Any CPU
		{DAA71D91-A581-4AE0-BB27-D269DE6A3D37}.AppStore|x64.Build.0 = Release|Any CPU
		{DAA71D91-A581-4AE0-BB27-D269DE6A3D37}.AppStore|x86.ActiveCfg = Release|Any CPU
		{DAA71D91-A581-4AE0-BB27-D269DE6A3D37}.AppStore|x86.Build.0 = Release|Any CPU
		{DAA71D91-A581-4AE0-BB27-D269DE6A3D37}.Debug|Any CPU.ActiveCfg = Debug|Any CPU
		{DAA71D91-A581-4AE0-BB27-D269DE6A3D37}.Debug|Any CPU.Build.0 = Debug|Any CPU
		{DAA71D91-A581-4AE0-BB27-D269DE6A3D37}.Debug|ARM.ActiveCfg = Debug|Any CPU
		{DAA71D91-A581-4AE0-BB27-D269DE6A3D37}.Debug|ARM.Build.0 = Debug|Any CPU
		{DAA71D91-A581-4AE0-BB27-D269DE6A3D37}.Debug|iPhone.ActiveCfg = Debug|Any CPU
		{DAA71D91-A581-4AE0-BB27-D269DE6A3D37}.Debug|iPhone.Build.0 = Debug|Any CPU
		{DAA71D91-A581-4AE0-BB27-D269DE6A3D37}.Debug|iPhoneSimulator.ActiveCfg = Debug|Any CPU
		{DAA71D91-A581-4AE0-BB27-D269DE6A3D37}.Debug|iPhoneSimulator.Build.0 = Debug|Any CPU
		{DAA71D91-A581-4AE0-BB27-D269DE6A3D37}.Debug|x64.ActiveCfg = Debug|Any CPU
		{DAA71D91-A581-4AE0-BB27-D269DE6A3D37}.Debug|x64.Build.0 = Debug|Any CPU
		{DAA71D91-A581-4AE0-BB27-D269DE6A3D37}.Debug|x86.ActiveCfg = Debug|Any CPU
		{DAA71D91-A581-4AE0-BB27-D269DE6A3D37}.Debug|x86.Build.0 = Debug|Any CPU
		{DAA71D91-A581-4AE0-BB27-D269DE6A3D37}.Release|Any CPU.ActiveCfg = Release|Any CPU
		{DAA71D91-A581-4AE0-BB27-D269DE6A3D37}.Release|Any CPU.Build.0 = Release|Any CPU
		{DAA71D91-A581-4AE0-BB27-D269DE6A3D37}.Release|ARM.ActiveCfg = Release|Any CPU
		{DAA71D91-A581-4AE0-BB27-D269DE6A3D37}.Release|ARM.Build.0 = Release|Any CPU
		{DAA71D91-A581-4AE0-BB27-D269DE6A3D37}.Release|iPhone.ActiveCfg = Release|Any CPU
		{DAA71D91-A581-4AE0-BB27-D269DE6A3D37}.Release|iPhone.Build.0 = Release|Any CPU
		{DAA71D91-A581-4AE0-BB27-D269DE6A3D37}.Release|iPhoneSimulator.ActiveCfg = Release|Any CPU
		{DAA71D91-A581-4AE0-BB27-D269DE6A3D37}.Release|iPhoneSimulator.Build.0 = Release|Any CPU
		{DAA71D91-A581-4AE0-BB27-D269DE6A3D37}.Release|x64.ActiveCfg = Release|Any CPU
		{DAA71D91-A581-4AE0-BB27-D269DE6A3D37}.Release|x64.Build.0 = Release|Any CPU
		{DAA71D91-A581-4AE0-BB27-D269DE6A3D37}.Release|x86.ActiveCfg = Release|Any CPU
		{DAA71D91-A581-4AE0-BB27-D269DE6A3D37}.Release|x86.Build.0 = Release|Any CPU
		{C45FBD4B-95B0-48BB-86BB-160CDEE405CE}.Ad-Hoc|Any CPU.ActiveCfg = Release|Any CPU
		{C45FBD4B-95B0-48BB-86BB-160CDEE405CE}.Ad-Hoc|Any CPU.Build.0 = Release|Any CPU
		{C45FBD4B-95B0-48BB-86BB-160CDEE405CE}.Ad-Hoc|ARM.ActiveCfg = Release|ARM
		{C45FBD4B-95B0-48BB-86BB-160CDEE405CE}.Ad-Hoc|ARM.Build.0 = Release|ARM
		{C45FBD4B-95B0-48BB-86BB-160CDEE405CE}.Ad-Hoc|iPhone.ActiveCfg = Release|Any CPU
		{C45FBD4B-95B0-48BB-86BB-160CDEE405CE}.Ad-Hoc|iPhone.Build.0 = Release|Any CPU
		{C45FBD4B-95B0-48BB-86BB-160CDEE405CE}.Ad-Hoc|iPhoneSimulator.ActiveCfg = Release|Any CPU
		{C45FBD4B-95B0-48BB-86BB-160CDEE405CE}.Ad-Hoc|iPhoneSimulator.Build.0 = Release|Any CPU
		{C45FBD4B-95B0-48BB-86BB-160CDEE405CE}.Ad-Hoc|x64.ActiveCfg = Release|x64
		{C45FBD4B-95B0-48BB-86BB-160CDEE405CE}.Ad-Hoc|x64.Build.0 = Release|x64
		{C45FBD4B-95B0-48BB-86BB-160CDEE405CE}.Ad-Hoc|x86.ActiveCfg = Release|x86
		{C45FBD4B-95B0-48BB-86BB-160CDEE405CE}.Ad-Hoc|x86.Build.0 = Release|x86
		{C45FBD4B-95B0-48BB-86BB-160CDEE405CE}.AppStore|Any CPU.ActiveCfg = Release|Any CPU
		{C45FBD4B-95B0-48BB-86BB-160CDEE405CE}.AppStore|Any CPU.Build.0 = Release|Any CPU
		{C45FBD4B-95B0-48BB-86BB-160CDEE405CE}.AppStore|ARM.ActiveCfg = Release|ARM
		{C45FBD4B-95B0-48BB-86BB-160CDEE405CE}.AppStore|ARM.Build.0 = Release|ARM
		{C45FBD4B-95B0-48BB-86BB-160CDEE405CE}.AppStore|iPhone.ActiveCfg = Release|Any CPU
		{C45FBD4B-95B0-48BB-86BB-160CDEE405CE}.AppStore|iPhone.Build.0 = Release|Any CPU
		{C45FBD4B-95B0-48BB-86BB-160CDEE405CE}.AppStore|iPhoneSimulator.ActiveCfg = Release|Any CPU
		{C45FBD4B-95B0-48BB-86BB-160CDEE405CE}.AppStore|iPhoneSimulator.Build.0 = Release|Any CPU
		{C45FBD4B-95B0-48BB-86BB-160CDEE405CE}.AppStore|x64.ActiveCfg = Release|x64
		{C45FBD4B-95B0-48BB-86BB-160CDEE405CE}.AppStore|x64.Build.0 = Release|x64
		{C45FBD4B-95B0-48BB-86BB-160CDEE405CE}.AppStore|x86.ActiveCfg = Release|x86
		{C45FBD4B-95B0-48BB-86BB-160CDEE405CE}.AppStore|x86.Build.0 = Release|x86
		{C45FBD4B-95B0-48BB-86BB-160CDEE405CE}.Debug|Any CPU.ActiveCfg = Debug|Any CPU
		{C45FBD4B-95B0-48BB-86BB-160CDEE405CE}.Debug|Any CPU.Build.0 = Debug|Any CPU
		{C45FBD4B-95B0-48BB-86BB-160CDEE405CE}.Debug|ARM.ActiveCfg = Debug|ARM
		{C45FBD4B-95B0-48BB-86BB-160CDEE405CE}.Debug|ARM.Build.0 = Debug|ARM
		{C45FBD4B-95B0-48BB-86BB-160CDEE405CE}.Debug|iPhone.ActiveCfg = Debug|Any CPU
		{C45FBD4B-95B0-48BB-86BB-160CDEE405CE}.Debug|iPhone.Build.0 = Debug|Any CPU
		{C45FBD4B-95B0-48BB-86BB-160CDEE405CE}.Debug|iPhoneSimulator.ActiveCfg = Debug|Any CPU
		{C45FBD4B-95B0-48BB-86BB-160CDEE405CE}.Debug|iPhoneSimulator.Build.0 = Debug|Any CPU
		{C45FBD4B-95B0-48BB-86BB-160CDEE405CE}.Debug|x64.ActiveCfg = Debug|x64
		{C45FBD4B-95B0-48BB-86BB-160CDEE405CE}.Debug|x64.Build.0 = Debug|x64
		{C45FBD4B-95B0-48BB-86BB-160CDEE405CE}.Debug|x86.ActiveCfg = Debug|x86
		{C45FBD4B-95B0-48BB-86BB-160CDEE405CE}.Debug|x86.Build.0 = Debug|x86
		{C45FBD4B-95B0-48BB-86BB-160CDEE405CE}.Release|Any CPU.ActiveCfg = Release|Any CPU
		{C45FBD4B-95B0-48BB-86BB-160CDEE405CE}.Release|Any CPU.Build.0 = Release|Any CPU
		{C45FBD4B-95B0-48BB-86BB-160CDEE405CE}.Release|ARM.ActiveCfg = Release|ARM
		{C45FBD4B-95B0-48BB-86BB-160CDEE405CE}.Release|ARM.Build.0 = Release|ARM
		{C45FBD4B-95B0-48BB-86BB-160CDEE405CE}.Release|iPhone.ActiveCfg = Release|Any CPU
		{C45FBD4B-95B0-48BB-86BB-160CDEE405CE}.Release|iPhone.Build.0 = Release|Any CPU
		{C45FBD4B-95B0-48BB-86BB-160CDEE405CE}.Release|iPhoneSimulator.ActiveCfg = Release|Any CPU
		{C45FBD4B-95B0-48BB-86BB-160CDEE405CE}.Release|iPhoneSimulator.Build.0 = Release|Any CPU
		{C45FBD4B-95B0-48BB-86BB-160CDEE405CE}.Release|x64.ActiveCfg = Release|x64
		{C45FBD4B-95B0-48BB-86BB-160CDEE405CE}.Release|x64.Build.0 = Release|x64
		{C45FBD4B-95B0-48BB-86BB-160CDEE405CE}.Release|x86.ActiveCfg = Release|x86
		{C45FBD4B-95B0-48BB-86BB-160CDEE405CE}.Release|x86.Build.0 = Release|x86
		{A90A3952-A7B8-404C-8ADA-645FC1D63B8B}.Ad-Hoc|Any CPU.ActiveCfg = Release|Any CPU
		{A90A3952-A7B8-404C-8ADA-645FC1D63B8B}.Ad-Hoc|Any CPU.Build.0 = Release|Any CPU
		{A90A3952-A7B8-404C-8ADA-645FC1D63B8B}.Ad-Hoc|ARM.ActiveCfg = Release|ARM
		{A90A3952-A7B8-404C-8ADA-645FC1D63B8B}.Ad-Hoc|ARM.Build.0 = Release|ARM
		{A90A3952-A7B8-404C-8ADA-645FC1D63B8B}.Ad-Hoc|iPhone.ActiveCfg = Release|Any CPU
		{A90A3952-A7B8-404C-8ADA-645FC1D63B8B}.Ad-Hoc|iPhone.Build.0 = Release|Any CPU
		{A90A3952-A7B8-404C-8ADA-645FC1D63B8B}.Ad-Hoc|iPhoneSimulator.ActiveCfg = Release|Any CPU
		{A90A3952-A7B8-404C-8ADA-645FC1D63B8B}.Ad-Hoc|iPhoneSimulator.Build.0 = Release|Any CPU
		{A90A3952-A7B8-404C-8ADA-645FC1D63B8B}.Ad-Hoc|x64.ActiveCfg = Release|x64
		{A90A3952-A7B8-404C-8ADA-645FC1D63B8B}.Ad-Hoc|x64.Build.0 = Release|x64
		{A90A3952-A7B8-404C-8ADA-645FC1D63B8B}.Ad-Hoc|x86.ActiveCfg = Release|x86
		{A90A3952-A7B8-404C-8ADA-645FC1D63B8B}.Ad-Hoc|x86.Build.0 = Release|x86
		{A90A3952-A7B8-404C-8ADA-645FC1D63B8B}.AppStore|Any CPU.ActiveCfg = Release|Any CPU
		{A90A3952-A7B8-404C-8ADA-645FC1D63B8B}.AppStore|Any CPU.Build.0 = Release|Any CPU
		{A90A3952-A7B8-404C-8ADA-645FC1D63B8B}.AppStore|ARM.ActiveCfg = Release|ARM
		{A90A3952-A7B8-404C-8ADA-645FC1D63B8B}.AppStore|ARM.Build.0 = Release|ARM
		{A90A3952-A7B8-404C-8ADA-645FC1D63B8B}.AppStore|iPhone.ActiveCfg = Release|Any CPU
		{A90A3952-A7B8-404C-8ADA-645FC1D63B8B}.AppStore|iPhone.Build.0 = Release|Any CPU
		{A90A3952-A7B8-404C-8ADA-645FC1D63B8B}.AppStore|iPhoneSimulator.ActiveCfg = Release|Any CPU
		{A90A3952-A7B8-404C-8ADA-645FC1D63B8B}.AppStore|iPhoneSimulator.Build.0 = Release|Any CPU
		{A90A3952-A7B8-404C-8ADA-645FC1D63B8B}.AppStore|x64.ActiveCfg = Release|x64
		{A90A3952-A7B8-404C-8ADA-645FC1D63B8B}.AppStore|x64.Build.0 = Release|x64
		{A90A3952-A7B8-404C-8ADA-645FC1D63B8B}.AppStore|x86.ActiveCfg = Release|x86
		{A90A3952-A7B8-404C-8ADA-645FC1D63B8B}.AppStore|x86.Build.0 = Release|x86
		{A90A3952-A7B8-404C-8ADA-645FC1D63B8B}.Debug|Any CPU.ActiveCfg = Debug|Any CPU
		{A90A3952-A7B8-404C-8ADA-645FC1D63B8B}.Debug|Any CPU.Build.0 = Debug|Any CPU
		{A90A3952-A7B8-404C-8ADA-645FC1D63B8B}.Debug|ARM.ActiveCfg = Debug|ARM
		{A90A3952-A7B8-404C-8ADA-645FC1D63B8B}.Debug|ARM.Build.0 = Debug|ARM
		{A90A3952-A7B8-404C-8ADA-645FC1D63B8B}.Debug|iPhone.ActiveCfg = Debug|Any CPU
		{A90A3952-A7B8-404C-8ADA-645FC1D63B8B}.Debug|iPhone.Build.0 = Debug|Any CPU
		{A90A3952-A7B8-404C-8ADA-645FC1D63B8B}.Debug|iPhoneSimulator.ActiveCfg = Debug|Any CPU
		{A90A3952-A7B8-404C-8ADA-645FC1D63B8B}.Debug|iPhoneSimulator.Build.0 = Debug|Any CPU
		{A90A3952-A7B8-404C-8ADA-645FC1D63B8B}.Debug|x64.ActiveCfg = Debug|x64
		{A90A3952-A7B8-404C-8ADA-645FC1D63B8B}.Debug|x64.Build.0 = Debug|x64
		{A90A3952-A7B8-404C-8ADA-645FC1D63B8B}.Debug|x86.ActiveCfg = Debug|x86
		{A90A3952-A7B8-404C-8ADA-645FC1D63B8B}.Debug|x86.Build.0 = Debug|x86
		{A90A3952-A7B8-404C-8ADA-645FC1D63B8B}.Release|Any CPU.ActiveCfg = Release|Any CPU
		{A90A3952-A7B8-404C-8ADA-645FC1D63B8B}.Release|Any CPU.Build.0 = Release|Any CPU
		{A90A3952-A7B8-404C-8ADA-645FC1D63B8B}.Release|ARM.ActiveCfg = Release|ARM
		{A90A3952-A7B8-404C-8ADA-645FC1D63B8B}.Release|ARM.Build.0 = Release|ARM
		{A90A3952-A7B8-404C-8ADA-645FC1D63B8B}.Release|iPhone.ActiveCfg = Release|Any CPU
		{A90A3952-A7B8-404C-8ADA-645FC1D63B8B}.Release|iPhone.Build.0 = Release|Any CPU
		{A90A3952-A7B8-404C-8ADA-645FC1D63B8B}.Release|iPhoneSimulator.ActiveCfg = Release|Any CPU
		{A90A3952-A7B8-404C-8ADA-645FC1D63B8B}.Release|iPhoneSimulator.Build.0 = Release|Any CPU
		{A90A3952-A7B8-404C-8ADA-645FC1D63B8B}.Release|x64.ActiveCfg = Release|x64
		{A90A3952-A7B8-404C-8ADA-645FC1D63B8B}.Release|x64.Build.0 = Release|x64
		{A90A3952-A7B8-404C-8ADA-645FC1D63B8B}.Release|x86.ActiveCfg = Release|x86
		{A90A3952-A7B8-404C-8ADA-645FC1D63B8B}.Release|x86.Build.0 = Release|x86
		{EC4033EA-646F-4221-A928-5F4FCBEE4C37}.Ad-Hoc|Any CPU.ActiveCfg = Release|Any CPU
		{EC4033EA-646F-4221-A928-5F4FCBEE4C37}.Ad-Hoc|Any CPU.Build.0 = Release|Any CPU
		{EC4033EA-646F-4221-A928-5F4FCBEE4C37}.Ad-Hoc|ARM.ActiveCfg = Release|ARM
		{EC4033EA-646F-4221-A928-5F4FCBEE4C37}.Ad-Hoc|ARM.Build.0 = Release|ARM
		{EC4033EA-646F-4221-A928-5F4FCBEE4C37}.Ad-Hoc|iPhone.ActiveCfg = Release|Any CPU
		{EC4033EA-646F-4221-A928-5F4FCBEE4C37}.Ad-Hoc|iPhone.Build.0 = Release|Any CPU
		{EC4033EA-646F-4221-A928-5F4FCBEE4C37}.Ad-Hoc|iPhoneSimulator.ActiveCfg = Release|Any CPU
		{EC4033EA-646F-4221-A928-5F4FCBEE4C37}.Ad-Hoc|iPhoneSimulator.Build.0 = Release|Any CPU
		{EC4033EA-646F-4221-A928-5F4FCBEE4C37}.Ad-Hoc|x64.ActiveCfg = Release|x64
		{EC4033EA-646F-4221-A928-5F4FCBEE4C37}.Ad-Hoc|x64.Build.0 = Release|x64
		{EC4033EA-646F-4221-A928-5F4FCBEE4C37}.Ad-Hoc|x86.ActiveCfg = Release|x86
		{EC4033EA-646F-4221-A928-5F4FCBEE4C37}.Ad-Hoc|x86.Build.0 = Release|x86
		{EC4033EA-646F-4221-A928-5F4FCBEE4C37}.AppStore|Any CPU.ActiveCfg = Release|Any CPU
		{EC4033EA-646F-4221-A928-5F4FCBEE4C37}.AppStore|Any CPU.Build.0 = Release|Any CPU
		{EC4033EA-646F-4221-A928-5F4FCBEE4C37}.AppStore|ARM.ActiveCfg = Release|ARM
		{EC4033EA-646F-4221-A928-5F4FCBEE4C37}.AppStore|ARM.Build.0 = Release|ARM
		{EC4033EA-646F-4221-A928-5F4FCBEE4C37}.AppStore|iPhone.ActiveCfg = Release|Any CPU
		{EC4033EA-646F-4221-A928-5F4FCBEE4C37}.AppStore|iPhone.Build.0 = Release|Any CPU
		{EC4033EA-646F-4221-A928-5F4FCBEE4C37}.AppStore|iPhoneSimulator.ActiveCfg = Release|Any CPU
		{EC4033EA-646F-4221-A928-5F4FCBEE4C37}.AppStore|iPhoneSimulator.Build.0 = Release|Any CPU
		{EC4033EA-646F-4221-A928-5F4FCBEE4C37}.AppStore|x64.ActiveCfg = Release|x64
		{EC4033EA-646F-4221-A928-5F4FCBEE4C37}.AppStore|x64.Build.0 = Release|x64
		{EC4033EA-646F-4221-A928-5F4FCBEE4C37}.AppStore|x86.ActiveCfg = Release|x86
		{EC4033EA-646F-4221-A928-5F4FCBEE4C37}.AppStore|x86.Build.0 = Release|x86
		{EC4033EA-646F-4221-A928-5F4FCBEE4C37}.Debug|Any CPU.ActiveCfg = Debug|Any CPU
		{EC4033EA-646F-4221-A928-5F4FCBEE4C37}.Debug|Any CPU.Build.0 = Debug|Any CPU
		{EC4033EA-646F-4221-A928-5F4FCBEE4C37}.Debug|ARM.ActiveCfg = Debug|ARM
		{EC4033EA-646F-4221-A928-5F4FCBEE4C37}.Debug|ARM.Build.0 = Debug|ARM
		{EC4033EA-646F-4221-A928-5F4FCBEE4C37}.Debug|iPhone.ActiveCfg = Debug|Any CPU
		{EC4033EA-646F-4221-A928-5F4FCBEE4C37}.Debug|iPhone.Build.0 = Debug|Any CPU
		{EC4033EA-646F-4221-A928-5F4FCBEE4C37}.Debug|iPhoneSimulator.ActiveCfg = Debug|Any CPU
		{EC4033EA-646F-4221-A928-5F4FCBEE4C37}.Debug|iPhoneSimulator.Build.0 = Debug|Any CPU
		{EC4033EA-646F-4221-A928-5F4FCBEE4C37}.Debug|x64.ActiveCfg = Debug|x64
		{EC4033EA-646F-4221-A928-5F4FCBEE4C37}.Debug|x64.Build.0 = Debug|x64
		{EC4033EA-646F-4221-A928-5F4FCBEE4C37}.Debug|x86.ActiveCfg = Debug|x86
		{EC4033EA-646F-4221-A928-5F4FCBEE4C37}.Debug|x86.Build.0 = Debug|x86
		{EC4033EA-646F-4221-A928-5F4FCBEE4C37}.Release|Any CPU.ActiveCfg = Release|Any CPU
		{EC4033EA-646F-4221-A928-5F4FCBEE4C37}.Release|Any CPU.Build.0 = Release|Any CPU
		{EC4033EA-646F-4221-A928-5F4FCBEE4C37}.Release|ARM.ActiveCfg = Release|ARM
		{EC4033EA-646F-4221-A928-5F4FCBEE4C37}.Release|ARM.Build.0 = Release|ARM
		{EC4033EA-646F-4221-A928-5F4FCBEE4C37}.Release|iPhone.ActiveCfg = Release|Any CPU
		{EC4033EA-646F-4221-A928-5F4FCBEE4C37}.Release|iPhone.Build.0 = Release|Any CPU
		{EC4033EA-646F-4221-A928-5F4FCBEE4C37}.Release|iPhoneSimulator.ActiveCfg = Release|Any CPU
		{EC4033EA-646F-4221-A928-5F4FCBEE4C37}.Release|iPhoneSimulator.Build.0 = Release|Any CPU
		{EC4033EA-646F-4221-A928-5F4FCBEE4C37}.Release|x64.ActiveCfg = Release|x64
		{EC4033EA-646F-4221-A928-5F4FCBEE4C37}.Release|x64.Build.0 = Release|x64
		{EC4033EA-646F-4221-A928-5F4FCBEE4C37}.Release|x86.ActiveCfg = Release|x86
		{EC4033EA-646F-4221-A928-5F4FCBEE4C37}.Release|x86.Build.0 = Release|x86
		{1C9CAE89-1E2E-4E2A-A61C-E6E66CFB2AA5}.Ad-Hoc|Any CPU.ActiveCfg = Release|Any CPU
		{1C9CAE89-1E2E-4E2A-A61C-E6E66CFB2AA5}.Ad-Hoc|Any CPU.Build.0 = Release|Any CPU
		{1C9CAE89-1E2E-4E2A-A61C-E6E66CFB2AA5}.Ad-Hoc|ARM.ActiveCfg = Release|ARM
		{1C9CAE89-1E2E-4E2A-A61C-E6E66CFB2AA5}.Ad-Hoc|ARM.Build.0 = Release|ARM
		{1C9CAE89-1E2E-4E2A-A61C-E6E66CFB2AA5}.Ad-Hoc|iPhone.ActiveCfg = Release|Any CPU
		{1C9CAE89-1E2E-4E2A-A61C-E6E66CFB2AA5}.Ad-Hoc|iPhone.Build.0 = Release|Any CPU
		{1C9CAE89-1E2E-4E2A-A61C-E6E66CFB2AA5}.Ad-Hoc|iPhoneSimulator.ActiveCfg = Release|Any CPU
		{1C9CAE89-1E2E-4E2A-A61C-E6E66CFB2AA5}.Ad-Hoc|iPhoneSimulator.Build.0 = Release|Any CPU
		{1C9CAE89-1E2E-4E2A-A61C-E6E66CFB2AA5}.Ad-Hoc|x64.ActiveCfg = Release|x64
		{1C9CAE89-1E2E-4E2A-A61C-E6E66CFB2AA5}.Ad-Hoc|x64.Build.0 = Release|x64
		{1C9CAE89-1E2E-4E2A-A61C-E6E66CFB2AA5}.Ad-Hoc|x86.ActiveCfg = Release|x86
		{1C9CAE89-1E2E-4E2A-A61C-E6E66CFB2AA5}.Ad-Hoc|x86.Build.0 = Release|x86
		{1C9CAE89-1E2E-4E2A-A61C-E6E66CFB2AA5}.AppStore|Any CPU.ActiveCfg = Release|Any CPU
		{1C9CAE89-1E2E-4E2A-A61C-E6E66CFB2AA5}.AppStore|Any CPU.Build.0 = Release|Any CPU
		{1C9CAE89-1E2E-4E2A-A61C-E6E66CFB2AA5}.AppStore|ARM.ActiveCfg = Release|ARM
		{1C9CAE89-1E2E-4E2A-A61C-E6E66CFB2AA5}.AppStore|ARM.Build.0 = Release|ARM
		{1C9CAE89-1E2E-4E2A-A61C-E6E66CFB2AA5}.AppStore|iPhone.ActiveCfg = Release|Any CPU
		{1C9CAE89-1E2E-4E2A-A61C-E6E66CFB2AA5}.AppStore|iPhone.Build.0 = Release|Any CPU
		{1C9CAE89-1E2E-4E2A-A61C-E6E66CFB2AA5}.AppStore|iPhoneSimulator.ActiveCfg = Release|Any CPU
		{1C9CAE89-1E2E-4E2A-A61C-E6E66CFB2AA5}.AppStore|iPhoneSimulator.Build.0 = Release|Any CPU
		{1C9CAE89-1E2E-4E2A-A61C-E6E66CFB2AA5}.AppStore|x64.ActiveCfg = Release|x64
		{1C9CAE89-1E2E-4E2A-A61C-E6E66CFB2AA5}.AppStore|x64.Build.0 = Release|x64
		{1C9CAE89-1E2E-4E2A-A61C-E6E66CFB2AA5}.AppStore|x86.ActiveCfg = Release|x86
		{1C9CAE89-1E2E-4E2A-A61C-E6E66CFB2AA5}.AppStore|x86.Build.0 = Release|x86
		{1C9CAE89-1E2E-4E2A-A61C-E6E66CFB2AA5}.Debug|Any CPU.ActiveCfg = Debug|Any CPU
		{1C9CAE89-1E2E-4E2A-A61C-E6E66CFB2AA5}.Debug|Any CPU.Build.0 = Debug|Any CPU
		{1C9CAE89-1E2E-4E2A-A61C-E6E66CFB2AA5}.Debug|ARM.ActiveCfg = Debug|ARM
		{1C9CAE89-1E2E-4E2A-A61C-E6E66CFB2AA5}.Debug|ARM.Build.0 = Debug|ARM
		{1C9CAE89-1E2E-4E2A-A61C-E6E66CFB2AA5}.Debug|iPhone.ActiveCfg = Debug|Any CPU
		{1C9CAE89-1E2E-4E2A-A61C-E6E66CFB2AA5}.Debug|iPhone.Build.0 = Debug|Any CPU
		{1C9CAE89-1E2E-4E2A-A61C-E6E66CFB2AA5}.Debug|iPhoneSimulator.ActiveCfg = Debug|Any CPU
		{1C9CAE89-1E2E-4E2A-A61C-E6E66CFB2AA5}.Debug|iPhoneSimulator.Build.0 = Debug|Any CPU
		{1C9CAE89-1E2E-4E2A-A61C-E6E66CFB2AA5}.Debug|x64.ActiveCfg = Debug|x64
		{1C9CAE89-1E2E-4E2A-A61C-E6E66CFB2AA5}.Debug|x64.Build.0 = Debug|x64
		{1C9CAE89-1E2E-4E2A-A61C-E6E66CFB2AA5}.Debug|x86.ActiveCfg = Debug|x86
		{1C9CAE89-1E2E-4E2A-A61C-E6E66CFB2AA5}.Debug|x86.Build.0 = Debug|x86
		{1C9CAE89-1E2E-4E2A-A61C-E6E66CFB2AA5}.Release|Any CPU.ActiveCfg = Release|Any CPU
		{1C9CAE89-1E2E-4E2A-A61C-E6E66CFB2AA5}.Release|Any CPU.Build.0 = Release|Any CPU
		{1C9CAE89-1E2E-4E2A-A61C-E6E66CFB2AA5}.Release|ARM.ActiveCfg = Release|ARM
		{1C9CAE89-1E2E-4E2A-A61C-E6E66CFB2AA5}.Release|ARM.Build.0 = Release|ARM
		{1C9CAE89-1E2E-4E2A-A61C-E6E66CFB2AA5}.Release|iPhone.ActiveCfg = Release|Any CPU
		{1C9CAE89-1E2E-4E2A-A61C-E6E66CFB2AA5}.Release|iPhone.Build.0 = Release|Any CPU
		{1C9CAE89-1E2E-4E2A-A61C-E6E66CFB2AA5}.Release|iPhoneSimulator.ActiveCfg = Release|Any CPU
		{1C9CAE89-1E2E-4E2A-A61C-E6E66CFB2AA5}.Release|iPhoneSimulator.Build.0 = Release|Any CPU
		{1C9CAE89-1E2E-4E2A-A61C-E6E66CFB2AA5}.Release|x64.ActiveCfg = Release|x64
		{1C9CAE89-1E2E-4E2A-A61C-E6E66CFB2AA5}.Release|x64.Build.0 = Release|x64
		{1C9CAE89-1E2E-4E2A-A61C-E6E66CFB2AA5}.Release|x86.ActiveCfg = Release|x86
		{1C9CAE89-1E2E-4E2A-A61C-E6E66CFB2AA5}.Release|x86.Build.0 = Release|x86
	EndGlobalSection
	GlobalSection(SolutionProperties) = preSolution
		HideSolutionNode = FALSE
	EndGlobalSection
	GlobalSection(ExtensibilityGlobals) = postSolution
		SolutionGuid = {C457C024-3EAB-429F-A407-5F5B50CD8746}
	EndGlobalSection
EndGlobal
