
Microsoft Visual Studio Solution File, Format Version 12.00
# Visual Studio 15
VisualStudioVersion = 15.0.27428.2037
MinimumVisualStudioVersion = 10.0.40219.1
Project("{FAE04EC0-301F-11D3-BF4B-00C04F79EFBC}") = "RemoteX.Android", "RemoteX\RemoteX.Android\RemoteX.Android.csproj", "{1288E9B6-24E9-4F48-8168-F4458090B836}"
EndProject
Project("{FAE04EC0-301F-11D3-BF4B-00C04F79EFBC}") = "RemoteX.iOS", "RemoteX\RemoteX.iOS\RemoteX.iOS.csproj", "{C73E68D7-6449-4428-9445-6E70345DD9E0}"
EndProject
Project("{FAE04EC0-301F-11D3-BF4B-00C04F79EFBC}") = "RemoteX.UWP", "RemoteX\RemoteX.UWP\RemoteX.UWP.csproj", "{7ACE9AF6-F00E-4DDC-937F-B4E045257E7D}"
EndProject
Project("{9A19103F-16F7-4668-BE54-9A1E7A4F7556}") = "RemoteX", "RemoteX\RemoteX\RemoteX.csproj", "{5F2B0EDA-1F45-4916-B5C4-4D1E61AA838F}"
EndProject
Project("{9A19103F-16F7-4668-BE54-9A1E7A4F7556}") = "RemoteXDataLibary", "..\..\RemoteXDataLibary\RemoteXDataLibary.csproj", "{2981F4E2-C75C-4FFB-979E-B3E965C4D0D8}"
EndProject
Project("{FAE04EC0-301F-11D3-BF4B-00C04F79EFBC}") = "SkiaBehaviour", "SkiaBehaviour\SkiaBehaviour.csproj", "{56FFD8B9-F993-4500-ABE4-1DCEF71AAA81}"
EndProject
Global
	GlobalSection(SolutionConfigurationPlatforms) = preSolution
		Ad-Hoc|Any CPU = Ad-Hoc|Any CPU
		Ad-Hoc|ARM = Ad-Hoc|ARM
		Ad-Hoc|iPhone = Ad-Hoc|iPhone
		Ad-Hoc|iPhoneSimulator = Ad-Hoc|iPhoneSimulator
		Ad-Hoc|x64 = Ad-Hoc|x64
		Ad-Hoc|x86 = Ad-Hoc|x86
		AppStore|Any CPU = AppStore|Any CPU
		AppStore|ARM = AppStore|ARM
		AppStore|iPhone = AppStore|iPhone
		AppStore|iPhoneSimulator = AppStore|iPhoneSimulator
		AppStore|x64 = AppStore|x64
		AppStore|x86 = AppStore|x86
		Debug|Any CPU = Debug|Any CPU
		Debug|ARM = Debug|ARM
		Debug|iPhone = Debug|iPhone
		Debug|iPhoneSimulator = Debug|iPhoneSimulator
		Debug|x64 = Debug|x64
		Debug|x86 = Debug|x86
		Release|Any CPU = Release|Any CPU
		Release|ARM = Release|ARM
		Release|iPhone = Release|iPhone
		Release|iPhoneSimulator = Release|iPhoneSimulator
		Release|x64 = Release|x64
		Release|x86 = Release|x86
	EndGlobalSection
	GlobalSection(ProjectConfigurationPlatforms) = postSolution
		{1288E9B6-24E9-4F48-8168-F4458090B836}.Ad-Hoc|Any CPU.ActiveCfg = Release|Any CPU
		{1288E9B6-24E9-4F48-8168-F4458090B836}.Ad-Hoc|Any CPU.Build.0 = Release|Any CPU
		{1288E9B6-24E9-4F48-8168-F4458090B836}.Ad-Hoc|Any CPU.Deploy.0 = Release|Any CPU
		{1288E9B6-24E9-4F48-8168-F4458090B836}.Ad-Hoc|ARM.ActiveCfg = Release|Any CPU
		{1288E9B6-24E9-4F48-8168-F4458090B836}.Ad-Hoc|ARM.Build.0 = Release|Any CPU
		{1288E9B6-24E9-4F48-8168-F4458090B836}.Ad-Hoc|ARM.Deploy.0 = Release|Any CPU
		{1288E9B6-24E9-4F48-8168-F4458090B836}.Ad-Hoc|iPhone.ActiveCfg = Release|Any CPU
		{1288E9B6-24E9-4F48-8168-F4458090B836}.Ad-Hoc|iPhone.Build.0 = Release|Any CPU
		{1288E9B6-24E9-4F48-8168-F4458090B836}.Ad-Hoc|iPhone.Deploy.0 = Release|Any CPU
		{1288E9B6-24E9-4F48-8168-F4458090B836}.Ad-Hoc|iPhoneSimulator.ActiveCfg = Release|Any CPU
		{1288E9B6-24E9-4F48-8168-F4458090B836}.Ad-Hoc|iPhoneSimulator.Build.0 = Release|Any CPU
		{1288E9B6-24E9-4F48-8168-F4458090B836}.Ad-Hoc|iPhoneSimulator.Deploy.0 = Release|Any CPU
		{1288E9B6-24E9-4F48-8168-F4458090B836}.Ad-Hoc|x64.ActiveCfg = Release|Any CPU
		{1288E9B6-24E9-4F48-8168-F4458090B836}.Ad-Hoc|x64.Build.0 = Release|Any CPU
		{1288E9B6-24E9-4F48-8168-F4458090B836}.Ad-Hoc|x64.Deploy.0 = Release|Any CPU
		{1288E9B6-24E9-4F48-8168-F4458090B836}.Ad-Hoc|x86.ActiveCfg = Release|Any CPU
		{1288E9B6-24E9-4F48-8168-F4458090B836}.Ad-Hoc|x86.Build.0 = Release|Any CPU
		{1288E9B6-24E9-4F48-8168-F4458090B836}.Ad-Hoc|x86.Deploy.0 = Release|Any CPU
		{1288E9B6-24E9-4F48-8168-F4458090B836}.AppStore|Any CPU.ActiveCfg = Release|Any CPU
		{1288E9B6-24E9-4F48-8168-F4458090B836}.AppStore|Any CPU.Build.0 = Release|Any CPU
		{1288E9B6-24E9-4F48-8168-F4458090B836}.AppStore|Any CPU.Deploy.0 = Release|Any CPU
		{1288E9B6-24E9-4F48-8168-F4458090B836}.AppStore|ARM.ActiveCfg = Release|Any CPU
		{1288E9B6-24E9-4F48-8168-F4458090B836}.AppStore|ARM.Build.0 = Release|Any CPU
		{1288E9B6-24E9-4F48-8168-F4458090B836}.AppStore|ARM.Deploy.0 = Release|Any CPU
		{1288E9B6-24E9-4F48-8168-F4458090B836}.AppStore|iPhone.ActiveCfg = Release|Any CPU
		{1288E9B6-24E9-4F48-8168-F4458090B836}.AppStore|iPhone.Build.0 = Release|Any CPU
		{1288E9B6-24E9-4F48-8168-F4458090B836}.AppStore|iPhone.Deploy.0 = Release|Any CPU
		{1288E9B6-24E9-4F48-8168-F4458090B836}.AppStore|iPhoneSimulator.ActiveCfg = Release|Any CPU
		{1288E9B6-24E9-4F48-8168-F4458090B836}.AppStore|iPhoneSimulator.Build.0 = Release|Any CPU
		{1288E9B6-24E9-4F48-8168-F4458090B836}.AppStore|iPhoneSimulator.Deploy.0 = Release|Any CPU
		{1288E9B6-24E9-4F48-8168-F4458090B836}.AppStore|x64.ActiveCfg = Release|Any CPU
		{1288E9B6-24E9-4F48-8168-F4458090B836}.AppStore|x64.Build.0 = Release|Any CPU
		{1288E9B6-24E9-4F48-8168-F4458090B836}.AppStore|x64.Deploy.0 = Release|Any CPU
		{1288E9B6-24E9-4F48-8168-F4458090B836}.AppStore|x86.ActiveCfg = Release|Any CPU
		{1288E9B6-24E9-4F48-8168-F4458090B836}.AppStore|x86.Build.0 = Release|Any CPU
		{1288E9B6-24E9-4F48-8168-F4458090B836}.AppStore|x86.Deploy.0 = Release|Any CPU
		{1288E9B6-24E9-4F48-8168-F4458090B836}.Debug|Any CPU.ActiveCfg = Debug|Any CPU
		{1288E9B6-24E9-4F48-8168-F4458090B836}.Debug|Any CPU.Build.0 = Debug|Any CPU
		{1288E9B6-24E9-4F48-8168-F4458090B836}.Debug|Any CPU.Deploy.0 = Debug|Any CPU
		{1288E9B6-24E9-4F48-8168-F4458090B836}.Debug|ARM.ActiveCfg = Debug|Any CPU
		{1288E9B6-24E9-4F48-8168-F4458090B836}.Debug|ARM.Build.0 = Debug|Any CPU
		{1288E9B6-24E9-4F48-8168-F4458090B836}.Debug|ARM.Deploy.0 = Debug|Any CPU
		{1288E9B6-24E9-4F48-8168-F4458090B836}.Debug|iPhone.ActiveCfg = Debug|Any CPU
		{1288E9B6-24E9-4F48-8168-F4458090B836}.Debug|iPhone.Build.0 = Debug|Any CPU
		{1288E9B6-24E9-4F48-8168-F4458090B836}.Debug|iPhone.Deploy.0 = Debug|Any CPU
		{1288E9B6-24E9-4F48-8168-F4458090B836}.Debug|iPhoneSimulator.ActiveCfg = Debug|Any CPU
		{1288E9B6-24E9-4F48-8168-F4458090B836}.Debug|iPhoneSimulator.Build.0 = Debug|Any CPU
		{1288E9B6-24E9-4F48-8168-F4458090B836}.Debug|iPhoneSimulator.Deploy.0 = Debug|Any CPU
		{1288E9B6-24E9-4F48-8168-F4458090B836}.Debug|x64.ActiveCfg = Debug|Any CPU
		{1288E9B6-24E9-4F48-8168-F4458090B836}.Debug|x64.Build.0 = Debug|Any CPU
		{1288E9B6-24E9-4F48-8168-F4458090B836}.Debug|x64.Deploy.0 = Debug|Any CPU
		{1288E9B6-24E9-4F48-8168-F4458090B836}.Debug|x86.ActiveCfg = Debug|Any CPU
		{1288E9B6-24E9-4F48-8168-F4458090B836}.Debug|x86.Build.0 = Debug|Any CPU
		{1288E9B6-24E9-4F48-8168-F4458090B836}.Debug|x86.Deploy.0 = Debug|Any CPU
		{1288E9B6-24E9-4F48-8168-F4458090B836}.Release|Any CPU.ActiveCfg = Release|Any CPU
		{1288E9B6-24E9-4F48-8168-F4458090B836}.Release|Any CPU.Build.0 = Release|Any CPU
		{1288E9B6-24E9-4F48-8168-F4458090B836}.Release|Any CPU.Deploy.0 = Release|Any CPU
		{1288E9B6-24E9-4F48-8168-F4458090B836}.Release|ARM.ActiveCfg = Release|Any CPU
		{1288E9B6-24E9-4F48-8168-F4458090B836}.Release|ARM.Build.0 = Release|Any CPU
		{1288E9B6-24E9-4F48-8168-F4458090B836}.Release|ARM.Deploy.0 = Release|Any CPU
		{1288E9B6-24E9-4F48-8168-F4458090B836}.Release|iPhone.ActiveCfg = Release|Any CPU
		{1288E9B6-24E9-4F48-8168-F4458090B836}.Release|iPhone.Build.0 = Release|Any CPU
		{1288E9B6-24E9-4F48-8168-F4458090B836}.Release|iPhone.Deploy.0 = Release|Any CPU
		{1288E9B6-24E9-4F48-8168-F4458090B836}.Release|iPhoneSimulator.ActiveCfg = Release|Any CPU
		{1288E9B6-24E9-4F48-8168-F4458090B836}.Release|iPhoneSimulator.Build.0 = Release|Any CPU
		{1288E9B6-24E9-4F48-8168-F4458090B836}.Release|iPhoneSimulator.Deploy.0 = Release|Any CPU
		{1288E9B6-24E9-4F48-8168-F4458090B836}.Release|x64.ActiveCfg = Release|Any CPU
		{1288E9B6-24E9-4F48-8168-F4458090B836}.Release|x64.Build.0 = Release|Any CPU
		{1288E9B6-24E9-4F48-8168-F4458090B836}.Release|x64.Deploy.0 = Release|Any CPU
		{1288E9B6-24E9-4F48-8168-F4458090B836}.Release|x86.ActiveCfg = Release|Any CPU
		{1288E9B6-24E9-4F48-8168-F4458090B836}.Release|x86.Build.0 = Release|Any CPU
		{1288E9B6-24E9-4F48-8168-F4458090B836}.Release|x86.Deploy.0 = Release|Any CPU
		{C73E68D7-6449-4428-9445-6E70345DD9E0}.Ad-Hoc|Any CPU.ActiveCfg = Ad-Hoc|iPhone
		{C73E68D7-6449-4428-9445-6E70345DD9E0}.Ad-Hoc|ARM.ActiveCfg = Ad-Hoc|iPhone
		{C73E68D7-6449-4428-9445-6E70345DD9E0}.Ad-Hoc|iPhone.ActiveCfg = Ad-Hoc|iPhone
		{C73E68D7-6449-4428-9445-6E70345DD9E0}.Ad-Hoc|iPhone.Build.0 = Ad-Hoc|iPhone
		{C73E68D7-6449-4428-9445-6E70345DD9E0}.Ad-Hoc|iPhoneSimulator.ActiveCfg = Ad-Hoc|iPhoneSimulator
		{C73E68D7-6449-4428-9445-6E70345DD9E0}.Ad-Hoc|iPhoneSimulator.Build.0 = Ad-Hoc|iPhoneSimulator
		{C73E68D7-6449-4428-9445-6E70345DD9E0}.Ad-Hoc|x64.ActiveCfg = Ad-Hoc|iPhone
		{C73E68D7-6449-4428-9445-6E70345DD9E0}.Ad-Hoc|x86.ActiveCfg = Ad-Hoc|iPhone
		{C73E68D7-6449-4428-9445-6E70345DD9E0}.AppStore|Any CPU.ActiveCfg = AppStore|iPhone
		{C73E68D7-6449-4428-9445-6E70345DD9E0}.AppStore|ARM.ActiveCfg = AppStore|iPhone
		{C73E68D7-6449-4428-9445-6E70345DD9E0}.AppStore|iPhone.ActiveCfg = AppStore|iPhone
		{C73E68D7-6449-4428-9445-6E70345DD9E0}.AppStore|iPhone.Build.0 = AppStore|iPhone
		{C73E68D7-6449-4428-9445-6E70345DD9E0}.AppStore|iPhoneSimulator.ActiveCfg = AppStore|iPhoneSimulator
		{C73E68D7-6449-4428-9445-6E70345DD9E0}.AppStore|iPhoneSimulator.Build.0 = AppStore|iPhoneSimulator
		{C73E68D7-6449-4428-9445-6E70345DD9E0}.AppStore|x64.ActiveCfg = AppStore|iPhone
		{C73E68D7-6449-4428-9445-6E70345DD9E0}.AppStore|x86.ActiveCfg = AppStore|iPhone
		{C73E68D7-6449-4428-9445-6E70345DD9E0}.Debug|Any CPU.ActiveCfg = Debug|iPhone
		{C73E68D7-6449-4428-9445-6E70345DD9E0}.Debug|ARM.ActiveCfg = Debug|iPhone
		{C73E68D7-6449-4428-9445-6E70345DD9E0}.Debug|iPhone.ActiveCfg = Debug|iPhone
		{C73E68D7-6449-4428-9445-6E70345DD9E0}.Debug|iPhone.Build.0 = Debug|iPhone
		{C73E68D7-6449-4428-9445-6E70345DD9E0}.Debug|iPhoneSimulator.ActiveCfg = Debug|iPhoneSimulator
		{C73E68D7-6449-4428-9445-6E70345DD9E0}.Debug|iPhoneSimulator.Build.0 = Debug|iPhoneSimulator
		{C73E68D7-6449-4428-9445-6E70345DD9E0}.Debug|x64.ActiveCfg = Debug|iPhone
		{C73E68D7-6449-4428-9445-6E70345DD9E0}.Debug|x86.ActiveCfg = Debug|iPhone
		{C73E68D7-6449-4428-9445-6E70345DD9E0}.Release|Any CPU.ActiveCfg = Release|iPhone
		{C73E68D7-6449-4428-9445-6E70345DD9E0}.Release|ARM.ActiveCfg = Release|iPhone
		{C73E68D7-6449-4428-9445-6E70345DD9E0}.Release|iPhone.ActiveCfg = Release|iPhone
		{C73E68D7-6449-4428-9445-6E70345DD9E0}.Release|iPhone.Build.0 = Release|iPhone
		{C73E68D7-6449-4428-9445-6E70345DD9E0}.Release|iPhoneSimulator.ActiveCfg = Release|iPhoneSimulator
		{C73E68D7-6449-4428-9445-6E70345DD9E0}.Release|iPhoneSimulator.Build.0 = Release|iPhoneSimulator
		{C73E68D7-6449-4428-9445-6E70345DD9E0}.Release|x64.ActiveCfg = Release|iPhone
		{C73E68D7-6449-4428-9445-6E70345DD9E0}.Release|x86.ActiveCfg = Release|iPhone
		{7ACE9AF6-F00E-4DDC-937F-B4E045257E7D}.Ad-Hoc|Any CPU.ActiveCfg = Release|x86
		{7ACE9AF6-F00E-4DDC-937F-B4E045257E7D}.Ad-Hoc|Any CPU.Build.0 = Release|x86
		{7ACE9AF6-F00E-4DDC-937F-B4E045257E7D}.Ad-Hoc|Any CPU.Deploy.0 = Release|x86
		{7ACE9AF6-F00E-4DDC-937F-B4E045257E7D}.Ad-Hoc|ARM.ActiveCfg = Release|ARM
		{7ACE9AF6-F00E-4DDC-937F-B4E045257E7D}.Ad-Hoc|ARM.Build.0 = Release|ARM
		{7ACE9AF6-F00E-4DDC-937F-B4E045257E7D}.Ad-Hoc|ARM.Deploy.0 = Release|ARM
		{7ACE9AF6-F00E-4DDC-937F-B4E045257E7D}.Ad-Hoc|iPhone.ActiveCfg = Release|x86
		{7ACE9AF6-F00E-4DDC-937F-B4E045257E7D}.Ad-Hoc|iPhone.Build.0 = Release|x86
		{7ACE9AF6-F00E-4DDC-937F-B4E045257E7D}.Ad-Hoc|iPhone.Deploy.0 = Release|x86
		{7ACE9AF6-F00E-4DDC-937F-B4E045257E7D}.Ad-Hoc|iPhoneSimulator.ActiveCfg = Release|x86
		{7ACE9AF6-F00E-4DDC-937F-B4E045257E7D}.Ad-Hoc|iPhoneSimulator.Build.0 = Release|x86
		{7ACE9AF6-F00E-4DDC-937F-B4E045257E7D}.Ad-Hoc|iPhoneSimulator.Deploy.0 = Release|x86
		{7ACE9AF6-F00E-4DDC-937F-B4E045257E7D}.Ad-Hoc|x64.ActiveCfg = Release|x64
		{7ACE9AF6-F00E-4DDC-937F-B4E045257E7D}.Ad-Hoc|x64.Build.0 = Release|x64
		{7ACE9AF6-F00E-4DDC-937F-B4E045257E7D}.Ad-Hoc|x64.Deploy.0 = Release|x64
		{7ACE9AF6-F00E-4DDC-937F-B4E045257E7D}.Ad-Hoc|x86.ActiveCfg = Release|x86
		{7ACE9AF6-F00E-4DDC-937F-B4E045257E7D}.Ad-Hoc|x86.Build.0 = Release|x86
		{7ACE9AF6-F00E-4DDC-937F-B4E045257E7D}.Ad-Hoc|x86.Deploy.0 = Release|x86
		{7ACE9AF6-F00E-4DDC-937F-B4E045257E7D}.AppStore|Any CPU.ActiveCfg = Release|x86
		{7ACE9AF6-F00E-4DDC-937F-B4E045257E7D}.AppStore|Any CPU.Build.0 = Release|x86
		{7ACE9AF6-F00E-4DDC-937F-B4E045257E7D}.AppStore|Any CPU.Deploy.0 = Release|x86
		{7ACE9AF6-F00E-4DDC-937F-B4E045257E7D}.AppStore|ARM.ActiveCfg = Release|ARM
		{7ACE9AF6-F00E-4DDC-937F-B4E045257E7D}.AppStore|ARM.Build.0 = Release|ARM
		{7ACE9AF6-F00E-4DDC-937F-B4E045257E7D}.AppStore|ARM.Deploy.0 = Release|ARM
		{7ACE9AF6-F00E-4DDC-937F-B4E045257E7D}.AppStore|iPhone.ActiveCfg = Release|x86
		{7ACE9AF6-F00E-4DDC-937F-B4E045257E7D}.AppStore|iPhone.Build.0 = Release|x86
		{7ACE9AF6-F00E-4DDC-937F-B4E045257E7D}.AppStore|iPhone.Deploy.0 = Release|x86
		{7ACE9AF6-F00E-4DDC-937F-B4E045257E7D}.AppStore|iPhoneSimulator.ActiveCfg = Release|x86
		{7ACE9AF6-F00E-4DDC-937F-B4E045257E7D}.AppStore|iPhoneSimulator.Build.0 = Release|x86
		{7ACE9AF6-F00E-4DDC-937F-B4E045257E7D}.AppStore|iPhoneSimulator.Deploy.0 = Release|x86
		{7ACE9AF6-F00E-4DDC-937F-B4E045257E7D}.AppStore|x64.ActiveCfg = Release|x64
		{7ACE9AF6-F00E-4DDC-937F-B4E045257E7D}.AppStore|x64.Build.0 = Release|x64
		{7ACE9AF6-F00E-4DDC-937F-B4E045257E7D}.AppStore|x64.Deploy.0 = Release|x64
		{7ACE9AF6-F00E-4DDC-937F-B4E045257E7D}.AppStore|x86.ActiveCfg = Release|x86
		{7ACE9AF6-F00E-4DDC-937F-B4E045257E7D}.AppStore|x86.Build.0 = Release|x86
		{7ACE9AF6-F00E-4DDC-937F-B4E045257E7D}.AppStore|x86.Deploy.0 = Release|x86
		{7ACE9AF6-F00E-4DDC-937F-B4E045257E7D}.Debug|Any CPU.ActiveCfg = Debug|x86
		{7ACE9AF6-F00E-4DDC-937F-B4E045257E7D}.Debug|ARM.ActiveCfg = Debug|ARM
		{7ACE9AF6-F00E-4DDC-937F-B4E045257E7D}.Debug|ARM.Build.0 = Debug|ARM
		{7ACE9AF6-F00E-4DDC-937F-B4E045257E7D}.Debug|ARM.Deploy.0 = Debug|ARM
		{7ACE9AF6-F00E-4DDC-937F-B4E045257E7D}.Debug|iPhone.ActiveCfg = Debug|x86
		{7ACE9AF6-F00E-4DDC-937F-B4E045257E7D}.Debug|iPhoneSimulator.ActiveCfg = Debug|x86
		{7ACE9AF6-F00E-4DDC-937F-B4E045257E7D}.Debug|x64.ActiveCfg = Debug|x64
		{7ACE9AF6-F00E-4DDC-937F-B4E045257E7D}.Debug|x64.Build.0 = Debug|x64
		{7ACE9AF6-F00E-4DDC-937F-B4E045257E7D}.Debug|x64.Deploy.0 = Debug|x64
		{7ACE9AF6-F00E-4DDC-937F-B4E045257E7D}.Debug|x86.ActiveCfg = Debug|x86
		{7ACE9AF6-F00E-4DDC-937F-B4E045257E7D}.Debug|x86.Build.0 = Debug|x86
		{7ACE9AF6-F00E-4DDC-937F-B4E045257E7D}.Debug|x86.Deploy.0 = Debug|x86
		{7ACE9AF6-F00E-4DDC-937F-B4E045257E7D}.Release|Any CPU.ActiveCfg = Release|x86
		{7ACE9AF6-F00E-4DDC-937F-B4E045257E7D}.Release|ARM.ActiveCfg = Release|ARM
		{7ACE9AF6-F00E-4DDC-937F-B4E045257E7D}.Release|ARM.Build.0 = Release|ARM
		{7ACE9AF6-F00E-4DDC-937F-B4E045257E7D}.Release|ARM.Deploy.0 = Release|ARM
		{7ACE9AF6-F00E-4DDC-937F-B4E045257E7D}.Release|iPhone.ActiveCfg = Release|x86
		{7ACE9AF6-F00E-4DDC-937F-B4E045257E7D}.Release|iPhoneSimulator.ActiveCfg = Release|x86
		{7ACE9AF6-F00E-4DDC-937F-B4E045257E7D}.Release|x64.ActiveCfg = Release|x64
		{7ACE9AF6-F00E-4DDC-937F-B4E045257E7D}.Release|x64.Build.0 = Release|x64
		{7ACE9AF6-F00E-4DDC-937F-B4E045257E7D}.Release|x64.Deploy.0 = Release|x64
		{7ACE9AF6-F00E-4DDC-937F-B4E045257E7D}.Release|x86.ActiveCfg = Release|x86
		{7ACE9AF6-F00E-4DDC-937F-B4E045257E7D}.Release|x86.Build.0 = Release|x86
		{7ACE9AF6-F00E-4DDC-937F-B4E045257E7D}.Release|x86.Deploy.0 = Release|x86
		{5F2B0EDA-1F45-4916-B5C4-4D1E61AA838F}.Ad-Hoc|Any CPU.ActiveCfg = Debug|Any CPU
		{5F2B0EDA-1F45-4916-B5C4-4D1E61AA838F}.Ad-Hoc|Any CPU.Build.0 = Debug|Any CPU
		{5F2B0EDA-1F45-4916-B5C4-4D1E61AA838F}.Ad-Hoc|ARM.ActiveCfg = Debug|Any CPU
		{5F2B0EDA-1F45-4916-B5C4-4D1E61AA838F}.Ad-Hoc|ARM.Build.0 = Debug|Any CPU
		{5F2B0EDA-1F45-4916-B5C4-4D1E61AA838F}.Ad-Hoc|iPhone.ActiveCfg = Debug|Any CPU
		{5F2B0EDA-1F45-4916-B5C4-4D1E61AA838F}.Ad-Hoc|iPhone.Build.0 = Debug|Any CPU
		{5F2B0EDA-1F45-4916-B5C4-4D1E61AA838F}.Ad-Hoc|iPhoneSimulator.ActiveCfg = Debug|Any CPU
		{5F2B0EDA-1F45-4916-B5C4-4D1E61AA838F}.Ad-Hoc|iPhoneSimulator.Build.0 = Debug|Any CPU
		{5F2B0EDA-1F45-4916-B5C4-4D1E61AA838F}.Ad-Hoc|x64.ActiveCfg = Debug|Any CPU
		{5F2B0EDA-1F45-4916-B5C4-4D1E61AA838F}.Ad-Hoc|x64.Build.0 = Debug|Any CPU
		{5F2B0EDA-1F45-4916-B5C4-4D1E61AA838F}.Ad-Hoc|x86.ActiveCfg = Debug|Any CPU
		{5F2B0EDA-1F45-4916-B5C4-4D1E61AA838F}.Ad-Hoc|x86.Build.0 = Debug|Any CPU
		{5F2B0EDA-1F45-4916-B5C4-4D1E61AA838F}.AppStore|Any CPU.ActiveCfg = Debug|Any CPU
		{5F2B0EDA-1F45-4916-B5C4-4D1E61AA838F}.AppStore|Any CPU.Build.0 = Debug|Any CPU
		{5F2B0EDA-1F45-4916-B5C4-4D1E61AA838F}.AppStore|ARM.ActiveCfg = Debug|Any CPU
		{5F2B0EDA-1F45-4916-B5C4-4D1E61AA838F}.AppStore|ARM.Build.0 = Debug|Any CPU
		{5F2B0EDA-1F45-4916-B5C4-4D1E61AA838F}.AppStore|iPhone.ActiveCfg = Debug|Any CPU
		{5F2B0EDA-1F45-4916-B5C4-4D1E61AA838F}.AppStore|iPhone.Build.0 = Debug|Any CPU
		{5F2B0EDA-1F45-4916-B5C4-4D1E61AA838F}.AppStore|iPhoneSimulator.ActiveCfg = Debug|Any CPU
		{5F2B0EDA-1F45-4916-B5C4-4D1E61AA838F}.AppStore|iPhoneSimulator.Build.0 = Debug|Any CPU
		{5F2B0EDA-1F45-4916-B5C4-4D1E61AA838F}.AppStore|x64.ActiveCfg = Debug|Any CPU
		{5F2B0EDA-1F45-4916-B5C4-4D1E61AA838F}.AppStore|x64.Build.0 = Debug|Any CPU
		{5F2B0EDA-1F45-4916-B5C4-4D1E61AA838F}.AppStore|x86.ActiveCfg = Debug|Any CPU
		{5F2B0EDA-1F45-4916-B5C4-4D1E61AA838F}.AppStore|x86.Build.0 = Debug|Any CPU
		{5F2B0EDA-1F45-4916-B5C4-4D1E61AA838F}.Debug|Any CPU.ActiveCfg = Debug|Any CPU
		{5F2B0EDA-1F45-4916-B5C4-4D1E61AA838F}.Debug|Any CPU.Build.0 = Debug|Any CPU
		{5F2B0EDA-1F45-4916-B5C4-4D1E61AA838F}.Debug|ARM.ActiveCfg = Debug|Any CPU
		{5F2B0EDA-1F45-4916-B5C4-4D1E61AA838F}.Debug|ARM.Build.0 = Debug|Any CPU
		{5F2B0EDA-1F45-4916-B5C4-4D1E61AA838F}.Debug|iPhone.ActiveCfg = Debug|Any CPU
		{5F2B0EDA-1F45-4916-B5C4-4D1E61AA838F}.Debug|iPhone.Build.0 = Debug|Any CPU
		{5F2B0EDA-1F45-4916-B5C4-4D1E61AA838F}.Debug|iPhoneSimulator.ActiveCfg = Debug|Any CPU
		{5F2B0EDA-1F45-4916-B5C4-4D1E61AA838F}.Debug|iPhoneSimulator.Build.0 = Debug|Any CPU
		{5F2B0EDA-1F45-4916-B5C4-4D1E61AA838F}.Debug|x64.ActiveCfg = Debug|Any CPU
		{5F2B0EDA-1F45-4916-B5C4-4D1E61AA838F}.Debug|x64.Build.0 = Debug|Any CPU
		{5F2B0EDA-1F45-4916-B5C4-4D1E61AA838F}.Debug|x86.ActiveCfg = Debug|Any CPU
		{5F2B0EDA-1F45-4916-B5C4-4D1E61AA838F}.Debug|x86.Build.0 = Debug|Any CPU
		{5F2B0EDA-1F45-4916-B5C4-4D1E61AA838F}.Release|Any CPU.ActiveCfg = Release|Any CPU
		{5F2B0EDA-1F45-4916-B5C4-4D1E61AA838F}.Release|Any CPU.Build.0 = Release|Any CPU
		{5F2B0EDA-1F45-4916-B5C4-4D1E61AA838F}.Release|ARM.ActiveCfg = Release|Any CPU
		{5F2B0EDA-1F45-4916-B5C4-4D1E61AA838F}.Release|ARM.Build.0 = Release|Any CPU
		{5F2B0EDA-1F45-4916-B5C4-4D1E61AA838F}.Release|iPhone.ActiveCfg = Release|Any CPU
		{5F2B0EDA-1F45-4916-B5C4-4D1E61AA838F}.Release|iPhone.Build.0 = Release|Any CPU
		{5F2B0EDA-1F45-4916-B5C4-4D1E61AA838F}.Release|iPhoneSimulator.ActiveCfg = Release|Any CPU
		{5F2B0EDA-1F45-4916-B5C4-4D1E61AA838F}.Release|iPhoneSimulator.Build.0 = Release|Any CPU
		{5F2B0EDA-1F45-4916-B5C4-4D1E61AA838F}.Release|x64.ActiveCfg = Release|Any CPU
		{5F2B0EDA-1F45-4916-B5C4-4D1E61AA838F}.Release|x64.Build.0 = Release|Any CPU
		{5F2B0EDA-1F45-4916-B5C4-4D1E61AA838F}.Release|x86.ActiveCfg = Release|Any CPU
		{5F2B0EDA-1F45-4916-B5C4-4D1E61AA838F}.Release|x86.Build.0 = Release|Any CPU
		{2981F4E2-C75C-4FFB-979E-B3E965C4D0D8}.Ad-Hoc|Any CPU.ActiveCfg = Debug|Any CPU
		{2981F4E2-C75C-4FFB-979E-B3E965C4D0D8}.Ad-Hoc|Any CPU.Build.0 = Debug|Any CPU
		{2981F4E2-C75C-4FFB-979E-B3E965C4D0D8}.Ad-Hoc|ARM.ActiveCfg = Debug|Any CPU
		{2981F4E2-C75C-4FFB-979E-B3E965C4D0D8}.Ad-Hoc|ARM.Build.0 = Debug|Any CPU
		{2981F4E2-C75C-4FFB-979E-B3E965C4D0D8}.Ad-Hoc|iPhone.ActiveCfg = Debug|Any CPU
		{2981F4E2-C75C-4FFB-979E-B3E965C4D0D8}.Ad-Hoc|iPhone.Build.0 = Debug|Any CPU
		{2981F4E2-C75C-4FFB-979E-B3E965C4D0D8}.Ad-Hoc|iPhoneSimulator.ActiveCfg = Debug|Any CPU
		{2981F4E2-C75C-4FFB-979E-B3E965C4D0D8}.Ad-Hoc|iPhoneSimulator.Build.0 = Debug|Any CPU
		{2981F4E2-C75C-4FFB-979E-B3E965C4D0D8}.Ad-Hoc|x64.ActiveCfg = Debug|Any CPU
		{2981F4E2-C75C-4FFB-979E-B3E965C4D0D8}.Ad-Hoc|x64.Build.0 = Debug|Any CPU
		{2981F4E2-C75C-4FFB-979E-B3E965C4D0D8}.Ad-Hoc|x86.ActiveCfg = Debug|Any CPU
		{2981F4E2-C75C-4FFB-979E-B3E965C4D0D8}.Ad-Hoc|x86.Build.0 = Debug|Any CPU
		{2981F4E2-C75C-4FFB-979E-B3E965C4D0D8}.AppStore|Any CPU.ActiveCfg = Debug|Any CPU
		{2981F4E2-C75C-4FFB-979E-B3E965C4D0D8}.AppStore|Any CPU.Build.0 = Debug|Any CPU
		{2981F4E2-C75C-4FFB-979E-B3E965C4D0D8}.AppStore|ARM.ActiveCfg = Debug|Any CPU
		{2981F4E2-C75C-4FFB-979E-B3E965C4D0D8}.AppStore|ARM.Build.0 = Debug|Any CPU
		{2981F4E2-C75C-4FFB-979E-B3E965C4D0D8}.AppStore|iPhone.ActiveCfg = Debug|Any CPU
		{2981F4E2-C75C-4FFB-979E-B3E965C4D0D8}.AppStore|iPhone.Build.0 = Debug|Any CPU
		{2981F4E2-C75C-4FFB-979E-B3E965C4D0D8}.AppStore|iPhoneSimulator.ActiveCfg = Debug|Any CPU
		{2981F4E2-C75C-4FFB-979E-B3E965C4D0D8}.AppStore|iPhoneSimulator.Build.0 = Debug|Any CPU
		{2981F4E2-C75C-4FFB-979E-B3E965C4D0D8}.AppStore|x64.ActiveCfg = Debug|Any CPU
		{2981F4E2-C75C-4FFB-979E-B3E965C4D0D8}.AppStore|x64.Build.0 = Debug|Any CPU
		{2981F4E2-C75C-4FFB-979E-B3E965C4D0D8}.AppStore|x86.ActiveCfg = Debug|Any CPU
		{2981F4E2-C75C-4FFB-979E-B3E965C4D0D8}.AppStore|x86.Build.0 = Debug|Any CPU
		{2981F4E2-C75C-4FFB-979E-B3E965C4D0D8}.Debug|Any CPU.ActiveCfg = Debug|Any CPU
		{2981F4E2-C75C-4FFB-979E-B3E965C4D0D8}.Debug|Any CPU.Build.0 = Debug|Any CPU
		{2981F4E2-C75C-4FFB-979E-B3E965C4D0D8}.Debug|ARM.ActiveCfg = Debug|Any CPU
		{2981F4E2-C75C-4FFB-979E-B3E965C4D0D8}.Debug|ARM.Build.0 = Debug|Any CPU
		{2981F4E2-C75C-4FFB-979E-B3E965C4D0D8}.Debug|iPhone.ActiveCfg = Debug|Any CPU
		{2981F4E2-C75C-4FFB-979E-B3E965C4D0D8}.Debug|iPhone.Build.0 = Debug|Any CPU
		{2981F4E2-C75C-4FFB-979E-B3E965C4D0D8}.Debug|iPhoneSimulator.ActiveCfg = Debug|Any CPU
		{2981F4E2-C75C-4FFB-979E-B3E965C4D0D8}.Debug|iPhoneSimulator.Build.0 = Debug|Any CPU
		{2981F4E2-C75C-4FFB-979E-B3E965C4D0D8}.Debug|x64.ActiveCfg = Debug|Any CPU
		{2981F4E2-C75C-4FFB-979E-B3E965C4D0D8}.Debug|x64.Build.0 = Debug|Any CPU
		{2981F4E2-C75C-4FFB-979E-B3E965C4D0D8}.Debug|x86.ActiveCfg = Debug|Any CPU
		{2981F4E2-C75C-4FFB-979E-B3E965C4D0D8}.Debug|x86.Build.0 = Debug|Any CPU
		{2981F4E2-C75C-4FFB-979E-B3E965C4D0D8}.Release|Any CPU.ActiveCfg = Release|Any CPU
		{2981F4E2-C75C-4FFB-979E-B3E965C4D0D8}.Release|Any CPU.Build.0 = Release|Any CPU
		{2981F4E2-C75C-4FFB-979E-B3E965C4D0D8}.Release|ARM.ActiveCfg = Release|Any CPU
		{2981F4E2-C75C-4FFB-979E-B3E965C4D0D8}.Release|ARM.Build.0 = Release|Any CPU
		{2981F4E2-C75C-4FFB-979E-B3E965C4D0D8}.Release|iPhone.ActiveCfg = Release|Any CPU
		{2981F4E2-C75C-4FFB-979E-B3E965C4D0D8}.Release|iPhone.Build.0 = Release|Any CPU
		{2981F4E2-C75C-4FFB-979E-B3E965C4D0D8}.Release|iPhoneSimulator.ActiveCfg = Release|Any CPU
		{2981F4E2-C75C-4FFB-979E-B3E965C4D0D8}.Release|iPhoneSimulator.Build.0 = Release|Any CPU
		{2981F4E2-C75C-4FFB-979E-B3E965C4D0D8}.Release|x64.ActiveCfg = Release|Any CPU
		{2981F4E2-C75C-4FFB-979E-B3E965C4D0D8}.Release|x64.Build.0 = Release|Any CPU
		{2981F4E2-C75C-4FFB-979E-B3E965C4D0D8}.Release|x86.ActiveCfg = Release|Any CPU
		{2981F4E2-C75C-4FFB-979E-B3E965C4D0D8}.Release|x86.Build.0 = Release|Any CPU
		{56FFD8B9-F993-4500-ABE4-1DCEF71AAA81}.Ad-Hoc|Any CPU.ActiveCfg = Debug|Any CPU
		{56FFD8B9-F993-4500-ABE4-1DCEF71AAA81}.Ad-Hoc|Any CPU.Build.0 = Debug|Any CPU
		{56FFD8B9-F993-4500-ABE4-1DCEF71AAA81}.Ad-Hoc|ARM.ActiveCfg = Debug|Any CPU
		{56FFD8B9-F993-4500-ABE4-1DCEF71AAA81}.Ad-Hoc|ARM.Build.0 = Debug|Any CPU
		{56FFD8B9-F993-4500-ABE4-1DCEF71AAA81}.Ad-Hoc|iPhone.ActiveCfg = Debug|Any CPU
		{56FFD8B9-F993-4500-ABE4-1DCEF71AAA81}.Ad-Hoc|iPhone.Build.0 = Debug|Any CPU
		{56FFD8B9-F993-4500-ABE4-1DCEF71AAA81}.Ad-Hoc|iPhoneSimulator.ActiveCfg = Debug|Any CPU
		{56FFD8B9-F993-4500-ABE4-1DCEF71AAA81}.Ad-Hoc|iPhoneSimulator.Build.0 = Debug|Any CPU
		{56FFD8B9-F993-4500-ABE4-1DCEF71AAA81}.Ad-Hoc|x64.ActiveCfg = Debug|Any CPU
		{56FFD8B9-F993-4500-ABE4-1DCEF71AAA81}.Ad-Hoc|x64.Build.0 = Debug|Any CPU
		{56FFD8B9-F993-4500-ABE4-1DCEF71AAA81}.Ad-Hoc|x86.ActiveCfg = Debug|Any CPU
		{56FFD8B9-F993-4500-ABE4-1DCEF71AAA81}.Ad-Hoc|x86.Build.0 = Debug|Any CPU
		{56FFD8B9-F993-4500-ABE4-1DCEF71AAA81}.AppStore|Any CPU.ActiveCfg = Debug|Any CPU
		{56FFD8B9-F993-4500-ABE4-1DCEF71AAA81}.AppStore|Any CPU.Build.0 = Debug|Any CPU
		{56FFD8B9-F993-4500-ABE4-1DCEF71AAA81}.AppStore|ARM.ActiveCfg = Debug|Any CPU
		{56FFD8B9-F993-4500-ABE4-1DCEF71AAA81}.AppStore|ARM.Build.0 = Debug|Any CPU
		{56FFD8B9-F993-4500-ABE4-1DCEF71AAA81}.AppStore|iPhone.ActiveCfg = Debug|Any CPU
		{56FFD8B9-F993-4500-ABE4-1DCEF71AAA81}.AppStore|iPhone.Build.0 = Debug|Any CPU
		{56FFD8B9-F993-4500-ABE4-1DCEF71AAA81}.AppStore|iPhoneSimulator.ActiveCfg = Debug|Any CPU
		{56FFD8B9-F993-4500-ABE4-1DCEF71AAA81}.AppStore|iPhoneSimulator.Build.0 = Debug|Any CPU
		{56FFD8B9-F993-4500-ABE4-1DCEF71AAA81}.AppStore|x64.ActiveCfg = Debug|Any CPU
		{56FFD8B9-F993-4500-ABE4-1DCEF71AAA81}.AppStore|x64.Build.0 = Debug|Any CPU
		{56FFD8B9-F993-4500-ABE4-1DCEF71AAA81}.AppStore|x86.ActiveCfg = Debug|Any CPU
		{56FFD8B9-F993-4500-ABE4-1DCEF71AAA81}.AppStore|x86.Build.0 = Debug|Any CPU
		{56FFD8B9-F993-4500-ABE4-1DCEF71AAA81}.Debug|Any CPU.ActiveCfg = Debug|Any CPU
		{56FFD8B9-F993-4500-ABE4-1DCEF71AAA81}.Debug|Any CPU.Build.0 = Debug|Any CPU
		{56FFD8B9-F993-4500-ABE4-1DCEF71AAA81}.Debug|ARM.ActiveCfg = Debug|Any CPU
		{56FFD8B9-F993-4500-ABE4-1DCEF71AAA81}.Debug|ARM.Build.0 = Debug|Any CPU
		{56FFD8B9-F993-4500-ABE4-1DCEF71AAA81}.Debug|iPhone.ActiveCfg = Debug|Any CPU
		{56FFD8B9-F993-4500-ABE4-1DCEF71AAA81}.Debug|iPhone.Build.0 = Debug|Any CPU
		{56FFD8B9-F993-4500-ABE4-1DCEF71AAA81}.Debug|iPhoneSimulator.ActiveCfg = Debug|Any CPU
		{56FFD8B9-F993-4500-ABE4-1DCEF71AAA81}.Debug|iPhoneSimulator.Build.0 = Debug|Any CPU
		{56FFD8B9-F993-4500-ABE4-1DCEF71AAA81}.Debug|x64.ActiveCfg = Debug|Any CPU
		{56FFD8B9-F993-4500-ABE4-1DCEF71AAA81}.Debug|x64.Build.0 = Debug|Any CPU
		{56FFD8B9-F993-4500-ABE4-1DCEF71AAA81}.Debug|x86.ActiveCfg = Debug|Any CPU
		{56FFD8B9-F993-4500-ABE4-1DCEF71AAA81}.Debug|x86.Build.0 = Debug|Any CPU
		{56FFD8B9-F993-4500-ABE4-1DCEF71AAA81}.Release|Any CPU.ActiveCfg = Release|Any CPU
		{56FFD8B9-F993-4500-ABE4-1DCEF71AAA81}.Release|Any CPU.Build.0 = Release|Any CPU
		{56FFD8B9-F993-4500-ABE4-1DCEF71AAA81}.Release|ARM.ActiveCfg = Release|Any CPU
		{56FFD8B9-F993-4500-ABE4-1DCEF71AAA81}.Release|ARM.Build.0 = Release|Any CPU
		{56FFD8B9-F993-4500-ABE4-1DCEF71AAA81}.Release|iPhone.ActiveCfg = Release|Any CPU
		{56FFD8B9-F993-4500-ABE4-1DCEF71AAA81}.Release|iPhone.Build.0 = Release|Any CPU
		{56FFD8B9-F993-4500-ABE4-1DCEF71AAA81}.Release|iPhoneSimulator.ActiveCfg = Release|Any CPU
		{56FFD8B9-F993-4500-ABE4-1DCEF71AAA81}.Release|iPhoneSimulator.Build.0 = Release|Any CPU
		{56FFD8B9-F993-4500-ABE4-1DCEF71AAA81}.Release|x64.ActiveCfg = Release|Any CPU
		{56FFD8B9-F993-4500-ABE4-1DCEF71AAA81}.Release|x64.Build.0 = Release|Any CPU
		{56FFD8B9-F993-4500-ABE4-1DCEF71AAA81}.Release|x86.ActiveCfg = Release|Any CPU
		{56FFD8B9-F993-4500-ABE4-1DCEF71AAA81}.Release|x86.Build.0 = Release|Any CPU
	EndGlobalSection
	GlobalSection(SolutionProperties) = preSolution
		HideSolutionNode = FALSE
	EndGlobalSection
	GlobalSection(ExtensibilityGlobals) = postSolution
		SolutionGuid = {C457C024-3EAB-429F-A407-5F5B50CD8746}
	EndGlobalSection
EndGlobal
